// !$*UTF8*$!
{
	archiveVersion = 1;
	classes = {
	};
	objectVersion = 56;
	objects = {

/* Begin PBXBuildFile section */
		D3B757C72A4D38F30035EB39 /* Session_5App.swift in Sources */ = {isa = PBXBuildFile; fileRef = D3B757C62A4D38F30035EB39 /* Session_5App.swift */; };
		D3B757C92A4D38F30035EB39 /* ContentView.swift in Sources */ = {isa = PBXBuildFile; fileRef = D3B757C82A4D38F30035EB39 /* ContentView.swift */; };
		D3B757CB2A4D38F60035EB39 /* Assets.xcassets in Resources */ = {isa = PBXBuildFile; fileRef = D3B757CA2A4D38F60035EB39 /* Assets.xcassets */; };
		D3B757CE2A4D38F60035EB39 /* Preview Assets.xcassets in Resources */ = {isa = PBXBuildFile; fileRef = D3B757CD2A4D38F60035EB39 /* Preview Assets.xcassets */; };
		D3B757D52A4D488B0035EB39 /* CounterViewModel.swift in Sources */ = {isa = PBXBuildFile; fileRef = D3B757D42A4D488B0035EB39 /* CounterViewModel.swift */; };
		D3B757D72A4D49620035EB39 /* CounterViewA.swift in Sources */ = {isa = PBXBuildFile; fileRef = D3B757D62A4D49620035EB39 /* CounterViewA.swift */; };
		D3B757D92A4D4AA40035EB39 /* CounterViewB.swift in Sources */ = {isa = PBXBuildFile; fileRef = D3B757D82A4D4AA40035EB39 /* CounterViewB.swift */; };
		D3B757DB2A4D4C6F0035EB39 /* CounterViewC.swift in Sources */ = {isa = PBXBuildFile; fileRef = D3B757DA2A4D4C6F0035EB39 /* CounterViewC.swift */; };
/* End PBXBuildFile section */

/* Begin PBXFileReference section */
		D3B757C32A4D38F30035EB39 /* Session 5.app */ = {isa = PBXFileReference; explicitFileType = wrapper.application; includeInIndex = 0; path = "Session 5.app"; sourceTree = BUILT_PRODUCTS_DIR; };
		D3B757C62A4D38F30035EB39 /* Session_5App.swift */ = {isa = PBXFileReference; lastKnownFileType = sourcecode.swift; path = Session_5App.swift; sourceTree = "<group>"; };
		D3B757C82A4D38F30035EB39 /* ContentView.swift */ = {isa = PBXFileReference; lastKnownFileType = sourcecode.swift; path = ContentView.swift; sourceTree = "<group>"; };
		D3B757CA2A4D38F60035EB39 /* Assets.xcassets */ = {isa = PBXFileReference; lastKnownFileType = folder.assetcatalog; path = Assets.xcassets; sourceTree = "<group>"; };
		D3B757CD2A4D38F60035EB39 /* Preview Assets.xcassets */ = {isa = PBXFileReference; lastKnownFileType = folder.assetcatalog; path = "Preview Assets.xcassets"; sourceTree = "<group>"; };
		D3B757D42A4D488B0035EB39 /* CounterViewModel.swift */ = {isa = PBXFileReference; lastKnownFileType = sourcecode.swift; path = CounterViewModel.swift; sourceTree = "<group>"; };
		D3B757D62A4D49620035EB39 /* CounterViewA.swift */ = {isa = PBXFileReference; lastKnownFileType = sourcecode.swift; path = CounterViewA.swift; sourceTree = "<group>"; };
		D3B757D82A4D4AA40035EB39 /* CounterViewB.swift */ = {isa = PBXFileReference; lastKnownFileType = sourcecode.swift; path = CounterViewB.swift; sourceTree = "<group>"; };
		D3B757DA2A4D4C6F0035EB39 /* CounterViewC.swift */ = {isa = PBXFileReference; lastKnownFileType = sourcecode.swift; path = CounterViewC.swift; sourceTree = "<group>"; };
/* End PBXFileReference section */

/* Begin PBXFrameworksBuildPhase section */
		D3B757C02A4D38F30035EB39 /* Frameworks */ = {
			isa = PBXFrameworksBuildPhase;
			buildActionMask = 2147483647;
			files = (
			);
			runOnlyForDeploymentPostprocessing = 0;
		};
/* End PBXFrameworksBuildPhase section */

/* Begin PBXGroup section */
		D3B757BA2A4D38F30035EB39 = {
			isa = PBXGroup;
			children = (
				D3B757C52A4D38F30035EB39 /* Session 5 */,
				D3B757C42A4D38F30035EB39 /* Products */,
			);
			sourceTree = "<group>";
		};
		D3B757C42A4D38F30035EB39 /* Products */ = {
			isa = PBXGroup;
			children = (
				D3B757C32A4D38F30035EB39 /* Session 5.app */,
			);
			name = Products;
			sourceTree = "<group>";
		};
		D3B757C52A4D38F30035EB39 /* Session 5 */ = {
			isa = PBXGroup;
			children = (
				D3B757C62A4D38F30035EB39 /* Session_5App.swift */,
				D3B757C82A4D38F30035EB39 /* ContentView.swift */,
				D3B757CA2A4D38F60035EB39 /* Assets.xcassets */,
				D3B757CC2A4D38F60035EB39 /* Preview Content */,
				D3B757D42A4D488B0035EB39 /* CounterViewModel.swift */,
				D3B757D62A4D49620035EB39 /* CounterViewA.swift */,
				D3B757D82A4D4AA40035EB39 /* CounterViewB.swift */,
				D3B757DA2A4D4C6F0035EB39 /* CounterViewC.swift */,
			);
			path = "Session 5";
			sourceTree = "<group>";
		};
		D3B757CC2A4D38F60035EB39 /* Preview Content */ = {
			isa = PBXGroup;
			children = (
				D3B757CD2A4D38F60035EB39 /* Preview Assets.xcassets */,
			);
			path = "Preview Content";
			sourceTree = "<group>";
		};
/* End PBXGroup section */

/* Begin PBXNativeTarget section */
		D3B757C22A4D38F30035EB39 /* Session 5 */ = {
			isa = PBXNativeTarget;
			buildConfigurationList = D3B757D12A4D38F60035EB39 /* Build configuration list for PBXNativeTarget "Session 5" */;
			buildPhases = (
				D3B757BF2A4D38F30035EB39 /* Sources */,
				D3B757C02A4D38F30035EB39 /* Frameworks */,
				D3B757C12A4D38F30035EB39 /* Resources */,
			);
			buildRules = (
			);
			dependencies = (
			);
			name = "Session 5";
			productName = "Session 5";
			productReference = D3B757C32A4D38F30035EB39 /* Session 5.app */;
			productType = "com.apple.product-type.application";
		};
/* End PBXNativeTarget section */

/* Begin PBXProject section */
		D3B757BB2A4D38F30035EB39 /* Project object */ = {
			isa = PBXProject;
			attributes = {
				BuildIndependentTargetsInParallel = 1;
				LastSwiftUpdateCheck = 1420;
				LastUpgradeCheck = 1420;
				TargetAttributes = {
					D3B757C22A4D38F30035EB39 = {
						CreatedOnToolsVersion = 14.2;
					};
				};
			};
			buildConfigurationList = D3B757BE2A4D38F30035EB39 /* Build configuration list for PBXProject "Session 5" */;
			compatibilityVersion = "Xcode 14.0";
			developmentRegion = en;
			hasScannedForEncodings = 0;
			knownRegions = (
				en,
				Base,
			);
			mainGroup = D3B757BA2A4D38F30035EB39;
			productRefGroup = D3B757C42A4D38F30035EB39 /* Products */;
			projectDirPath = "";
			projectRoot = "";
			targets = (
				D3B757C22A4D38F30035EB39 /* Session 5 */,
			);
		};
/* End PBXProject section */

/* Begin PBXResourcesBuildPhase section */
		D3B757C12A4D38F30035EB39 /* Resources */ = {
			isa = PBXResourcesBuildPhase;
			buildActionMask = 2147483647;
			files = (
				D3B757CE2A4D38F60035EB39 /* Preview Assets.xcassets in Resources */,
				D3B757CB2A4D38F60035EB39 /* Assets.xcassets in Resources */,
			);
			runOnlyForDeploymentPostprocessing = 0;
		};
/* End PBXResourcesBuildPhase section */

/* Begin PBXSourcesBuildPhase section */
		D3B757BF2A4D38F30035EB39 /* Sources */ = {
			isa = PBXSourcesBuildPhase;
			buildActionMask = 2147483647;
			files = (
				D3B757C92A4D38F30035EB39 /* ContentView.swift in Sources */,
				D3B757D72A4D49620035EB39 /* CounterViewA.swift in Sources */,
				D3B757C72A4D38F30035EB39 /* Session_5App.swift in Sources */,
				D3B757D52A4D488B0035EB39 /* CounterViewModel.swift in Sources */,
				D3B757D92A4D4AA40035EB39 /* CounterViewB.swift in Sources */,
				D3B757DB2A4D4C6F0035EB39 /* CounterViewC.swift in Sources */,
			);
			runOnlyForDeploymentPostprocessing = 0;
		};
/* End PBXSourcesBuildPhase section */

/* Begin XCBuildConfiguration section */
		D3B757CF2A4D38F60035EB39 /* Debug */ = {
			isa = XCBuildConfiguration;
			buildSettings = {
				ALWAYS_SEARCH_USER_PATHS = NO;
				CLANG_ANALYZER_NONNULL = YES;
				CLANG_ANALYZER_NUMBER_OBJECT_CONVERSION = YES_AGGRESSIVE;
				CLANG_CXX_LANGUAGE_STANDARD = "gnu++20";
				CLANG_ENABLE_MODULES = YES;
				CLANG_ENABLE_OBJC_ARC = YES;
				CLANG_ENABLE_OBJC_WEAK = YES;
				CLANG_WARN_BLOCK_CAPTURE_AUTORELEASING = YES;
				CLANG_WARN_BOOL_CONVERSION = YES;
				CLANG_WARN_COMMA = YES;
				CLANG_WARN_CONSTANT_CONVERSION = YES;
				CLANG_WARN_DEPRECATED_OBJC_IMPLEMENTATIONS = YES;
				CLANG_WARN_DIRECT_OBJC_ISA_USAGE = YES_ERROR;
				CLANG_WARN_DOCUMENTATION_COMMENTS = YES;
				CLANG_WARN_EMPTY_BODY = YES;
				CLANG_WARN_ENUM_CONVERSION = YES;
				CLANG_WARN_INFINITE_RECURSION = YES;
				CLANG_WARN_INT_CONVERSION = YES;
				CLANG_WARN_NON_LITERAL_NULL_CONVERSION = YES;
				CLANG_WARN_OBJC_IMPLICIT_RETAIN_SELF = YES;
				CLANG_WARN_OBJC_LITERAL_CONVERSION = YES;
				CLANG_WARN_OBJC_ROOT_CLASS = YES_ERROR;
				CLANG_WARN_QUOTED_INCLUDE_IN_FRAMEWORK_HEADER = YES;
				CLANG_WARN_RANGE_LOOP_ANALYSIS = YES;
				CLANG_WARN_STRICT_PROTOTYPES = YES;
				CLANG_WARN_SUSPICIOUS_MOVE = YES;
				CLANG_WARN_UNGUARDED_AVAILABILITY = YES_AGGRESSIVE;
				CLANG_WARN_UNREACHABLE_CODE = YES;
				CLANG_WARN__DUPLICATE_METHOD_MATCH = YES;
				COPY_PHASE_STRIP = NO;
				DEBUG_INFORMATION_FORMAT = dwarf;
				ENABLE_STRICT_OBJC_MSGSEND = YES;
				ENABLE_TESTABILITY = YES;
				GCC_C_LANGUAGE_STANDARD = gnu11;
				GCC_DYNAMIC_NO_PIC = NO;
				GCC_NO_COMMON_BLOCKS = YES;
				GCC_OPTIMIZATION_LEVEL = 0;
				GCC_PREPROCESSOR_DEFINITIONS = (
					"DEBUG=1",
					"$(inherited)",
				);
				GCC_WARN_64_TO_32_BIT_CONVERSION = YES;
				GCC_WARN_ABOUT_RETURN_TYPE = YES_ERROR;
				GCC_WARN_UNDECLARED_SELECTOR = YES;
				GCC_WARN_UNINITIALIZED_AUTOS = YES_AGGRESSIVE;
				GCC_WARN_UNUSED_FUNCTION = YES;
				GCC_WARN_UNUSED_VARIABLE = YES;
				IPHONEOS_DEPLOYMENT_TARGET = 16.2;
				MTL_ENABLE_DEBUG_INFO = INCLUDE_SOURCE;
				MTL_FAST_MATH = YES;
				ONLY_ACTIVE_ARCH = YES;
				SDKROOT = iphoneos;
				SWIFT_ACTIVE_COMPILATION_CONDITIONS = DEBUG;
				SWIFT_OPTIMIZATION_LEVEL = "-Onone";
			};
			name = Debug;
		};
		D3B757D02A4D38F60035EB39 /* Release */ = {
			isa = XCBuildConfiguration;
			buildSettings = {
				ALWAYS_SEARCH_USER_PATHS = NO;
				CLANG_ANALYZER_NONNULL = YES;
				CLANG_ANALYZER_NUMBER_OBJECT_CONVERSION = YES_AGGRESSIVE;
				CLANG_CXX_LANGUAGE_STANDARD = "gnu++20";
				CLANG_ENABLE_MODULES = YES;
				CLANG_ENABLE_OBJC_ARC = YES;
				CLANG_ENABLE_OBJC_WEAK = YES;
				CLANG_WARN_BLOCK_CAPTURE_AUTORELEASING = YES;
				CLANG_WARN_BOOL_CONVERSION = YES;
				CLANG_WARN_COMMA = YES;
				CLANG_WARN_CONSTANT_CONVERSION = YES;
				CLANG_WARN_DEPRECATED_OBJC_IMPLEMENTATIONS = YES;
				CLANG_WARN_DIRECT_OBJC_ISA_USAGE = YES_ERROR;
				CLANG_WARN_DOCUMENTATION_COMMENTS = YES;
				CLANG_WARN_EMPTY_BODY = YES;
				CLANG_WARN_ENUM_CONVERSION = YES;
				CLANG_WARN_INFINITE_RECURSION = YES;
				CLANG_WARN_INT_CONVERSION = YES;
				CLANG_WARN_NON_LITERAL_NULL_CONVERSION = YES;
				CLANG_WARN_OBJC_IMPLICIT_RETAIN_SELF = YES;
				CLANG_WARN_OBJC_LITERAL_CONVERSION = YES;
				CLANG_WARN_OBJC_ROOT_CLASS = YES_ERROR;
				CLANG_WARN_QUOTED_INCLUDE_IN_FRAMEWORK_HEADER = YES;
				CLANG_WARN_RANGE_LOOP_ANALYSIS = YES;
				CLANG_WARN_STRICT_PROTOTYPES = YES;
				CLANG_WARN_SUSPICIOUS_MOVE = YES;
				CLANG_WARN_UNGUARDED_AVAILABILITY = YES_AGGRESSIVE;
				CLANG_WARN_UNREACHABLE_CODE = YES;
				CLANG_WARN__DUPLICATE_METHOD_MATCH = YES;
				COPY_PHASE_STRIP = NO;
				DEBUG_INFORMATION_FORMAT = "dwarf-with-dsym";
				ENABLE_NS_ASSERTIONS = NO;
				ENABLE_STRICT_OBJC_MSGSEND = YES;
				GCC_C_LANGUAGE_STANDARD = gnu11;
				GCC_NO_COMMON_BLOCKS = YES;
				GCC_WARN_64_TO_32_BIT_CONVERSION = YES;
				GCC_WARN_ABOUT_RETURN_TYPE = YES_ERROR;
				GCC_WARN_UNDECLARED_SELECTOR = YES;
				GCC_WARN_UNINITIALIZED_AUTOS = YES_AGGRESSIVE;
				GCC_WARN_UNUSED_FUNCTION = YES;
				GCC_WARN_UNUSED_VARIABLE = YES;
				IPHONEOS_DEPLOYMENT_TARGET = 16.2;
				MTL_ENABLE_DEBUG_INFO = NO;
				MTL_FAST_MATH = YES;
				SDKROOT = iphoneos;
				SWIFT_COMPILATION_MODE = wholemodule;
				SWIFT_OPTIMIZATION_LEVEL = "-O";
				VALIDATE_PRODUCT = YES;
			};
			name = Release;
		};
		D3B757D22A4D38F60035EB39 /* Debug */ = {
			isa = XCBuildConfiguration;
			buildSettings = {
				ASSETCATALOG_COMPILER_APPICON_NAME = AppIcon;
				ASSETCATALOG_COMPILER_GLOBAL_ACCENT_COLOR_NAME = AccentColor;
				CODE_SIGN_STYLE = Automatic;
				CURRENT_PROJECT_VERSION = 1;
				DEVELOPMENT_ASSET_PATHS = "\"Session 5/Preview Content\"";
				DEVELOPMENT_TEAM = 58S2LQL6Z3;
				ENABLE_PREVIEWS = YES;
				GENERATE_INFOPLIST_FILE = YES;
				INFOPLIST_KEY_UIApplicationSceneManifest_Generation = YES;
				INFOPLIST_KEY_UIApplicationSupportsIndirectInputEvents = YES;
				INFOPLIST_KEY_UILaunchScreen_Generation = YES;
				INFOPLIST_KEY_UISupportedInterfaceOrientations_iPad = "UIInterfaceOrientationPortrait UIInterfaceOrientationPortraitUpsideDown UIInterfaceOrientationLandscapeLeft UIInterfaceOrientationLandscapeRight";
				INFOPLIST_KEY_UISupportedInterfaceOrientations_iPhone = "UIInterfaceOrientationPortrait UIInterfaceOrientationLandscapeLeft UIInterfaceOrientationLandscapeRight";
				LD_RUNPATH_SEARCH_PATHS = (
					"$(inherited)",
					"@executable_path/Frameworks",
				);
				MARKETING_VERSION = 1.0;
				PRODUCT_BUNDLE_IDENTIFIER = "se.ascentic.Session-5";
				PRODUCT_NAME = "$(TARGET_NAME)";
				SWIFT_EMIT_LOC_STRINGS = YES;
				SWIFT_VERSION = 5.0;
				TARGETED_DEVICE_FAMILY = "1,2";
			};
			name = Debug;
		};
		D3B757D32A4D38F60035EB39 /* Release */ = {
			isa = XCBuildConfiguration;
			buildSettings = {
				ASSETCATALOG_COMPILER_APPICON_NAME = AppIcon;
				ASSETCATALOG_COMPILER_GLOBAL_ACCENT_COLOR_NAME = AccentColor;
				CODE_SIGN_STYLE = Automatic;
				CURRENT_PROJECT_VERSION = 1;
				DEVELOPMENT_ASSET_PATHS = "\"Session 5/Preview Content\"";
				DEVELOPMENT_TEAM = 58S2LQL6Z3;
				ENABLE_PREVIEWS = YES;
				GENERATE_INFOPLIST_FILE = YES;
				INFOPLIST_KEY_UIApplicationSceneManifest_Generation = YES;
				INFOPLIST_KEY_UIApplicationSupportsIndirectInputEvents = YES;
				INFOPLIST_KEY_UILaunchScreen_Generation = YES;
				INFOPLIST_KEY_UISupportedInterfaceOrientations_iPad = "UIInterfaceOrientationPortrait UIInterfaceOrientationPortraitUpsideDown UIInterfaceOrientationLandscapeLeft UIInterfaceOrientationLandscapeRight";
				INFOPLIST_KEY_UISupportedInterfaceOrientations_iPhone = "UIInterfaceOrientationPortrait UIInterfaceOrientationLandscapeLeft UIInterfaceOrientationLandscapeRight";
				LD_RUNPATH_SEARCH_PATHS = (
					"$(inherited)",
					"@executable_path/Frameworks",
				);
				MARKETING_VERSION = 1.0;
				PRODUCT_BUNDLE_IDENTIFIER = "se.ascentic.Session-5";
				PRODUCT_NAME = "$(TARGET_NAME)";
				SWIFT_EMIT_LOC_STRINGS = YES;
				SWIFT_VERSION = 5.0;
				TARGETED_DEVICE_FAMILY = "1,2";
			};
			name = Release;
		};
/* End XCBuildConfiguration section */

/* Begin XCConfigurationList section */
		D3B757BE2A4D38F30035EB39 /* Build configuration list for PBXProject "Session 5" */ = {
			isa = XCConfigurationList;
			buildConfigurations = (
				D3B757CF2A4D38F60035EB39 /* Debug */,
				D3B757D02A4D38F60035EB39 /* Release */,
			);
			defaultConfigurationIsVisible = 0;
			defaultConfigurationName = Release;
		};
		D3B757D12A4D38F60035EB39 /* Build configuration list for PBXNativeTarget "Session 5" */ = {
			isa = XCConfigurationList;
			buildConfigurations = (
				D3B757D22A4D38F60035EB39 /* Debug */,
				D3B757D32A4D38F60035EB39 /* Release */,
			);
			defaultConfigurationIsVisible = 0;
			defaultConfigurationName = Release;
		};
/* End XCConfigurationList section */
	};
	rootObject = D3B757BB2A4D38F30035EB39 /* Project object */;
}
