// !$*UTF8*$!
{
	archiveVersion = 1;
	classes = {
	};
	objectVersion = 56;
	objects = {

/* Begin PBXBuildFile section */
		3852C211DA9470AAACFEA156 /* Pods_Persistency.framework in Frameworks */ = {isa = PBXBuildFile; fileRef = 919924F5E2A1CA121A885FB3 /* Pods_Persistency.framework */; };
		D3CDE5D52A5575AB00A1DF60 /* PersistencyApp.swift in Sources */ = {isa = PBXBuildFile; fileRef = D3CDE5D42A5575AB00A1DF60 /* PersistencyApp.swift */; };
		D3CDE5D72A5575AB00A1DF60 /* ContentView.swift in Sources */ = {isa = PBXBuildFile; fileRef = D3CDE5D62A5575AB00A1DF60 /* ContentView.swift */; };
		D3CDE5D92A5575AD00A1DF60 /* Assets.xcassets in Resources */ = {isa = PBXBuildFile; fileRef = D3CDE5D82A5575AD00A1DF60 /* Assets.xcassets */; };
		D3CDE5DC2A5575AD00A1DF60 /* Preview Assets.xcassets in Resources */ = {isa = PBXBuildFile; fileRef = D3CDE5DB2A5575AD00A1DF60 /* Preview Assets.xcassets */; };
		D3CDE5E42A5575FF00A1DF60 /* UserDefaultsView1.swift in Sources */ = {isa = PBXBuildFile; fileRef = D3CDE5E32A5575FF00A1DF60 /* UserDefaultsView1.swift */; };
		D3CDE5E62A55761100A1DF60 /* UserDefaultsView2.swift in Sources */ = {isa = PBXBuildFile; fileRef = D3CDE5E52A55761100A1DF60 /* UserDefaultsView2.swift */; };
		D3CDE5EA2A566E3E00A1DF60 /* UserModel.xcdatamodeld in Sources */ = {isa = PBXBuildFile; fileRef = D3CDE5E82A566E3E00A1DF60 /* UserModel.xcdatamodeld */; };
		D3CDE60C2A56BE7600A1DF60 /* CoredataManager.swift in Sources */ = {isa = PBXBuildFile; fileRef = D3CDE60B2A56BE7600A1DF60 /* CoredataManager.swift */; };
		D3CDE6112A570EA000A1DF60 /* UserView.swift in Sources */ = {isa = PBXBuildFile; fileRef = D3CDE6102A570EA000A1DF60 /* UserView.swift */; };
/* End PBXBuildFile section */

/* Begin PBXFileReference section */
		8E655C94FA907BEE3E58CC91 /* Pods-Persistency.debug.xcconfig */ = {isa = PBXFileReference; includeInIndex = 1; lastKnownFileType = text.xcconfig; name = "Pods-Persistency.debug.xcconfig"; path = "Target Support Files/Pods-Persistency/Pods-Persistency.debug.xcconfig"; sourceTree = "<group>"; };
		919924F5E2A1CA121A885FB3 /* Pods_Persistency.framework */ = {isa = PBXFileReference; explicitFileType = wrapper.framework; includeInIndex = 0; path = Pods_Persistency.framework; sourceTree = BUILT_PRODUCTS_DIR; };
		D3CDE5D12A5575AB00A1DF60 /* Persistency.app */ = {isa = PBXFileReference; explicitFileType = wrapper.application; includeInIndex = 0; path = Persistency.app; sourceTree = BUILT_PRODUCTS_DIR; };
		D3CDE5D42A5575AB00A1DF60 /* PersistencyApp.swift */ = {isa = PBXFileReference; lastKnownFileType = sourcecode.swift; path = PersistencyApp.swift; sourceTree = "<group>"; };
		D3CDE5D62A5575AB00A1DF60 /* ContentView.swift */ = {isa = PBXFileReference; lastKnownFileType = sourcecode.swift; path = ContentView.swift; sourceTree = "<group>"; };
		D3CDE5D82A5575AD00A1DF60 /* Assets.xcassets */ = {isa = PBXFileReference; lastKnownFileType = folder.assetcatalog; path = Assets.xcassets; sourceTree = "<group>"; };
		D3CDE5DB2A5575AD00A1DF60 /* Preview Assets.xcassets */ = {isa = PBXFileReference; lastKnownFileType = folder.assetcatalog; path = "Preview Assets.xcassets"; sourceTree = "<group>"; };
		D3CDE5E32A5575FF00A1DF60 /* UserDefaultsView1.swift */ = {isa = PBXFileReference; lastKnownFileType = sourcecode.swift; path = UserDefaultsView1.swift; sourceTree = "<group>"; };
		D3CDE5E52A55761100A1DF60 /* UserDefaultsView2.swift */ = {isa = PBXFileReference; lastKnownFileType = sourcecode.swift; path = UserDefaultsView2.swift; sourceTree = "<group>"; };
		D3CDE5E92A566E3E00A1DF60 /* UserModel.xcdatamodel */ = {isa = PBXFileReference; lastKnownFileType = wrapper.xcdatamodel; path = UserModel.xcdatamodel; sourceTree = "<group>"; };
		D3CDE60B2A56BE7600A1DF60 /* CoredataManager.swift */ = {isa = PBXFileReference; lastKnownFileType = sourcecode.swift; path = CoredataManager.swift; sourceTree = "<group>"; };
		D3CDE6102A570EA000A1DF60 /* UserView.swift */ = {isa = PBXFileReference; lastKnownFileType = sourcecode.swift; path = UserView.swift; sourceTree = "<group>"; };
		F74E09697EDB46E9028B7D0F /* Pods-Persistency.release.xcconfig */ = {isa = PBXFileReference; includeInIndex = 1; lastKnownFileType = text.xcconfig; name = "Pods-Persistency.release.xcconfig"; path = "Target Support Files/Pods-Persistency/Pods-Persistency.release.xcconfig"; sourceTree = "<group>"; };
/* End PBXFileReference section */

/* Begin PBXFrameworksBuildPhase section */
		D3CDE5CE2A5575AB00A1DF60 /* Frameworks */ = {
			isa = PBXFrameworksBuildPhase;
			buildActionMask = 2147483647;
			files = (
				3852C211DA9470AAACFEA156 /* Pods_Persistency.framework in Frameworks */,
			);
			runOnlyForDeploymentPostprocessing = 0;
		};
/* End PBXFrameworksBuildPhase section */

/* Begin PBXGroup section */
		0CA711141847831941834035 /* Frameworks */ = {
			isa = PBXGroup;
			children = (
				919924F5E2A1CA121A885FB3 /* Pods_Persistency.framework */,
			);
			name = Frameworks;
			sourceTree = "<group>";
		};
		1EBB57B4DD8F1A5D9B12EB06 /* Pods */ = {
			isa = PBXGroup;
			children = (
				8E655C94FA907BEE3E58CC91 /* Pods-Persistency.debug.xcconfig */,
				F74E09697EDB46E9028B7D0F /* Pods-Persistency.release.xcconfig */,
			);
			name = Pods;
			path = Pods;
			sourceTree = "<group>";
		};
		D3CDE5C82A5575AB00A1DF60 = {
			isa = PBXGroup;
			children = (
				D3CDE5D32A5575AB00A1DF60 /* Persistency */,
				D3CDE5D22A5575AB00A1DF60 /* Products */,
				1EBB57B4DD8F1A5D9B12EB06 /* Pods */,
				0CA711141847831941834035 /* Frameworks */,
			);
			sourceTree = "<group>";
		};
		D3CDE5D22A5575AB00A1DF60 /* Products */ = {
			isa = PBXGroup;
			children = (
				D3CDE5D12A5575AB00A1DF60 /* Persistency.app */,
			);
			name = Products;
			sourceTree = "<group>";
		};
		D3CDE5D32A5575AB00A1DF60 /* Persistency */ = {
			isa = PBXGroup;
			children = (
				D3CDE5E82A566E3E00A1DF60 /* UserModel.xcdatamodeld */,
				D3CDE5E72A566E2800A1DF60 /* Core data test */,
				D3CDE5E22A5575D500A1DF60 /* NSUserDefaults test */,
				D3CDE5D42A5575AB00A1DF60 /* PersistencyApp.swift */,
				D3CDE5D62A5575AB00A1DF60 /* ContentView.swift */,
				D3CDE5D82A5575AD00A1DF60 /* Assets.xcassets */,
				D3CDE5DA2A5575AD00A1DF60 /* Preview Content */,
			);
			path = Persistency;
			sourceTree = "<group>";
		};
		D3CDE5DA2A5575AD00A1DF60 /* Preview Content */ = {
			isa = PBXGroup;
			children = (
				D3CDE5DB2A5575AD00A1DF60 /* Preview Assets.xcassets */,
			);
			path = "Preview Content";
			sourceTree = "<group>";
		};
		D3CDE5E22A5575D500A1DF60 /* NSUserDefaults test */ = {
			isa = PBXGroup;
			children = (
				D3CDE5E32A5575FF00A1DF60 /* UserDefaultsView1.swift */,
				D3CDE5E52A55761100A1DF60 /* UserDefaultsView2.swift */,
			);
			path = "NSUserDefaults test";
			sourceTree = "<group>";
		};
		D3CDE5E72A566E2800A1DF60 /* Core data test */ = {
			isa = PBXGroup;
			children = (
				D3CDE60A2A56BE6800A1DF60 /* Manager */,
				D3CDE6102A570EA000A1DF60 /* UserView.swift */,
			);
			path = "Core data test";
			sourceTree = "<group>";
		};
		D3CDE60A2A56BE6800A1DF60 /* Manager */ = {
			isa = PBXGroup;
			children = (
				D3CDE60B2A56BE7600A1DF60 /* CoredataManager.swift */,
			);
			path = Manager;
			sourceTree = "<group>";
		};
/* End PBXGroup section */

/* Begin PBXNativeTarget section */
		D3CDE5D02A5575AB00A1DF60 /* Persistency */ = {
			isa = PBXNativeTarget;
			buildConfigurationList = D3CDE5DF2A5575AD00A1DF60 /* Build configuration list for PBXNativeTarget "Persistency" */;
			buildPhases = (
				7CFA8FBEA01A6817405A71BC /* [CP] Check Pods Manifest.lock */,
				D3CDE5CD2A5575AB00A1DF60 /* Sources */,
				D3CDE5CE2A5575AB00A1DF60 /* Frameworks */,
				D3CDE5CF2A5575AB00A1DF60 /* Resources */,
				25C2C72520896AC1A81D877A /* [CP] Embed Pods Frameworks */,
			);
			buildRules = (
			);
			dependencies = (
			);
			name = Persistency;
			productName = Persistency;
			productReference = D3CDE5D12A5575AB00A1DF60 /* Persistency.app */;
			productType = "com.apple.product-type.application";
		};
/* End PBXNativeTarget section */

/* Begin PBXProject section */
		D3CDE5C92A5575AB00A1DF60 /* Project object */ = {
			isa = PBXProject;
			attributes = {
				BuildIndependentTargetsInParallel = 1;
				LastSwiftUpdateCheck = 1420;
				LastUpgradeCheck = 1420;
				TargetAttributes = {
					D3CDE5D02A5575AB00A1DF60 = {
						CreatedOnToolsVersion = 14.2;
					};
				};
			};
			buildConfigurationList = D3CDE5CC2A5575AB00A1DF60 /* Build configuration list for PBXProject "Persistency" */;
			compatibilityVersion = "Xcode 14.0";
			developmentRegion = en;
			hasScannedForEncodings = 0;
			knownRegions = (
				en,
				Base,
			);
			mainGroup = D3CDE5C82A5575AB00A1DF60;
			productRefGroup = D3CDE5D22A5575AB00A1DF60 /* Products */;
			projectDirPath = "";
			projectRoot = "";
			targets = (
				D3CDE5D02A5575AB00A1DF60 /* Persistency */,
			);
		};
/* End PBXProject section */

/* Begin PBXResourcesBuildPhase section */
		D3CDE5CF2A5575AB00A1DF60 /* Resources */ = {
			isa = PBXResourcesBuildPhase;
			buildActionMask = 2147483647;
			files = (
				D3CDE5DC2A5575AD00A1DF60 /* Preview Assets.xcassets in Resources */,
				D3CDE5D92A5575AD00A1DF60 /* Assets.xcassets in Resources */,
			);
			runOnlyForDeploymentPostprocessing = 0;
		};
/* End PBXResourcesBuildPhase section */

/* Begin PBXShellScriptBuildPhase section */
		25C2C72520896AC1A81D877A /* [CP] Embed Pods Frameworks */ = {
			isa = PBXShellScriptBuildPhase;
			buildActionMask = 2147483647;
			files = (
			);
			inputFileListPaths = (
				"${PODS_ROOT}/Target Support Files/Pods-Persistency/Pods-Persistency-frameworks-${CONFIGURATION}-input-files.xcfilelist",
			);
			name = "[CP] Embed Pods Frameworks";
			outputFileListPaths = (
				"${PODS_ROOT}/Target Support Files/Pods-Persistency/Pods-Persistency-frameworks-${CONFIGURATION}-output-files.xcfilelist",
			);
			runOnlyForDeploymentPostprocessing = 0;
			shellPath = /bin/sh;
			shellScript = "\"${PODS_ROOT}/Target Support Files/Pods-Persistency/Pods-Persistency-frameworks.sh\"\n";
			showEnvVarsInLog = 0;
		};
		7CFA8FBEA01A6817405A71BC /* [CP] Check Pods Manifest.lock */ = {
			isa = PBXShellScriptBuildPhase;
			buildActionMask = 2147483647;
			files = (
			);
			inputFileListPaths = (
			);
			inputPaths = (
				"${PODS_PODFILE_DIR_PATH}/Podfile.lock",
				"${PODS_ROOT}/Manifest.lock",
			);
			name = "[CP] Check Pods Manifest.lock";
			outputFileListPaths = (
			);
			outputPaths = (
				"$(DERIVED_FILE_DIR)/Pods-Persistency-checkManifestLockResult.txt",
			);
			runOnlyForDeploymentPostprocessing = 0;
			shellPath = /bin/sh;
			shellScript = "diff \"${PODS_PODFILE_DIR_PATH}/Podfile.lock\" \"${PODS_ROOT}/Manifest.lock\" > /dev/null\nif [ $? != 0 ] ; then\n    # print error to STDERR\n    echo \"error: The sandbox is not in sync with the Podfile.lock. Run 'pod install' or update your CocoaPods installation.\" >&2\n    exit 1\nfi\n# This output is used by Xcode 'outputs' to avoid re-running this script phase.\necho \"SUCCESS\" > \"${SCRIPT_OUTPUT_FILE_0}\"\n";
			showEnvVarsInLog = 0;
		};
/* End PBXShellScriptBuildPhase section */

/* Begin PBXSourcesBuildPhase section */
		D3CDE5CD2A5575AB00A1DF60 /* Sources */ = {
			isa = PBXSourcesBuildPhase;
			buildActionMask = 2147483647;
			files = (
				D3CDE5EA2A566E3E00A1DF60 /* UserModel.xcdatamodeld in Sources */,
				D3CDE5D72A5575AB00A1DF60 /* ContentView.swift in Sources */,
				D3CDE5E42A5575FF00A1DF60 /* UserDefaultsView1.swift in Sources */,
				D3CDE5E62A55761100A1DF60 /* UserDefaultsView2.swift in Sources */,
				D3CDE60C2A56BE7600A1DF60 /* CoredataManager.swift in Sources */,
				D3CDE5D52A5575AB00A1DF60 /* PersistencyApp.swift in Sources */,
				D3CDE6112A570EA000A1DF60 /* UserView.swift in Sources */,
			);
			runOnlyForDeploymentPostprocessing = 0;
		};
/* End PBXSourcesBuildPhase section */

/* Begin XCBuildConfiguration section */
		D3CDE5DD2A5575AD00A1DF60 /* Debug */ = {
			isa = XCBuildConfiguration;
			buildSettings = {
				ALWAYS_SEARCH_USER_PATHS = NO;
				CLANG_ANALYZER_NONNULL = YES;
				CLANG_ANALYZER_NUMBER_OBJECT_CONVERSION = YES_AGGRESSIVE;
				CLANG_CXX_LANGUAGE_STANDARD = "gnu++20";
				CLANG_ENABLE_MODULES = YES;
				CLANG_ENABLE_OBJC_ARC = YES;
				CLANG_ENABLE_OBJC_WEAK = YES;
				CLANG_WARN_BLOCK_CAPTURE_AUTORELEASING = YES;
				CLANG_WARN_BOOL_CONVERSION = YES;
				CLANG_WARN_COMMA = YES;
				CLANG_WARN_CONSTANT_CONVERSION = YES;
				CLANG_WARN_DEPRECATED_OBJC_IMPLEMENTATIONS = YES;
				CLANG_WARN_DIRECT_OBJC_ISA_USAGE = YES_ERROR;
				CLANG_WARN_DOCUMENTATION_COMMENTS = YES;
				CLANG_WARN_EMPTY_BODY = YES;
				CLANG_WARN_ENUM_CONVERSION = YES;
				CLANG_WARN_INFINITE_RECURSION = YES;
				CLANG_WARN_INT_CONVERSION = YES;
				CLANG_WARN_NON_LITERAL_NULL_CONVERSION = YES;
				CLANG_WARN_OBJC_IMPLICIT_RETAIN_SELF = YES;
				CLANG_WARN_OBJC_LITERAL_CONVERSION = YES;
				CLANG_WARN_OBJC_ROOT_CLASS = YES_ERROR;
				CLANG_WARN_QUOTED_INCLUDE_IN_FRAMEWORK_HEADER = YES;
				CLANG_WARN_RANGE_LOOP_ANALYSIS = YES;
				CLANG_WARN_STRICT_PROTOTYPES = YES;
				CLANG_WARN_SUSPICIOUS_MOVE = YES;
				CLANG_WARN_UNGUARDED_AVAILABILITY = YES_AGGRESSIVE;
				CLANG_WARN_UNREACHABLE_CODE = YES;
				CLANG_WARN__DUPLICATE_METHOD_MATCH = YES;
				COPY_PHASE_STRIP = NO;
				DEBUG_INFORMATION_FORMAT = dwarf;
				ENABLE_STRICT_OBJC_MSGSEND = YES;
				ENABLE_TESTABILITY = YES;
				GCC_C_LANGUAGE_STANDARD = gnu11;
				GCC_DYNAMIC_NO_PIC = NO;
				GCC_NO_COMMON_BLOCKS = YES;
				GCC_OPTIMIZATION_LEVEL = 0;
				GCC_PREPROCESSOR_DEFINITIONS = (
					"DEBUG=1",
					"$(inherited)",
				);
				GCC_WARN_64_TO_32_BIT_CONVERSION = YES;
				GCC_WARN_ABOUT_RETURN_TYPE = YES_ERROR;
				GCC_WARN_UNDECLARED_SELECTOR = YES;
				GCC_WARN_UNINITIALIZED_AUTOS = YES_AGGRESSIVE;
				GCC_WARN_UNUSED_FUNCTION = YES;
				GCC_WARN_UNUSED_VARIABLE = YES;
				IPHONEOS_DEPLOYMENT_TARGET = 16.2;
				MTL_ENABLE_DEBUG_INFO = INCLUDE_SOURCE;
				MTL_FAST_MATH = YES;
				ONLY_ACTIVE_ARCH = YES;
				SDKROOT = iphoneos;
				SWIFT_ACTIVE_COMPILATION_CONDITIONS = DEBUG;
				SWIFT_OPTIMIZATION_LEVEL = "-Onone";
			};
			name = Debug;
		};
		D3CDE5DE2A5575AD00A1DF60 /* Release */ = {
			isa = XCBuildConfiguration;
			buildSettings = {
				ALWAYS_SEARCH_USER_PATHS = NO;
				CLANG_ANALYZER_NONNULL = YES;
				CLANG_ANALYZER_NUMBER_OBJECT_CONVERSION = YES_AGGRESSIVE;
				CLANG_CXX_LANGUAGE_STANDARD = "gnu++20";
				CLANG_ENABLE_MODULES = YES;
				CLANG_ENABLE_OBJC_ARC = YES;
				CLANG_ENABLE_OBJC_WEAK = YES;
				CLANG_WARN_BLOCK_CAPTURE_AUTORELEASING = YES;
				CLANG_WARN_BOOL_CONVERSION = YES;
				CLANG_WARN_COMMA = YES;
				CLANG_WARN_CONSTANT_CONVERSION = YES;
				CLANG_WARN_DEPRECATED_OBJC_IMPLEMENTATIONS = YES;
				CLANG_WARN_DIRECT_OBJC_ISA_USAGE = YES_ERROR;
				CLANG_WARN_DOCUMENTATION_COMMENTS = YES;
				CLANG_WARN_EMPTY_BODY = YES;
				CLANG_WARN_ENUM_CONVERSION = YES;
				CLANG_WARN_INFINITE_RECURSION = YES;
				CLANG_WARN_INT_CONVERSION = YES;
				CLANG_WARN_NON_LITERAL_NULL_CONVERSION = YES;
				CLANG_WARN_OBJC_IMPLICIT_RETAIN_SELF = YES;
				CLANG_WARN_OBJC_LITERAL_CONVERSION = YES;
				CLANG_WARN_OBJC_ROOT_CLASS = YES_ERROR;
				CLANG_WARN_QUOTED_INCLUDE_IN_FRAMEWORK_HEADER = YES;
				CLANG_WARN_RANGE_LOOP_ANALYSIS = YES;
				CLANG_WARN_STRICT_PROTOTYPES = YES;
				CLANG_WARN_SUSPICIOUS_MOVE = YES;
				CLANG_WARN_UNGUARDED_AVAILABILITY = YES_AGGRESSIVE;
				CLANG_WARN_UNREACHABLE_CODE = YES;
				CLANG_WARN__DUPLICATE_METHOD_MATCH = YES;
				COPY_PHASE_STRIP = NO;
				DEBUG_INFORMATION_FORMAT = "dwarf-with-dsym";
				ENABLE_NS_ASSERTIONS = NO;
				ENABLE_STRICT_OBJC_MSGSEND = YES;
				GCC_C_LANGUAGE_STANDARD = gnu11;
				GCC_NO_COMMON_BLOCKS = YES;
				GCC_WARN_64_TO_32_BIT_CONVERSION = YES;
				GCC_WARN_ABOUT_RETURN_TYPE = YES_ERROR;
				GCC_WARN_UNDECLARED_SELECTOR = YES;
				GCC_WARN_UNINITIALIZED_AUTOS = YES_AGGRESSIVE;
				GCC_WARN_UNUSED_FUNCTION = YES;
				GCC_WARN_UNUSED_VARIABLE = YES;
				IPHONEOS_DEPLOYMENT_TARGET = 16.2;
				MTL_ENABLE_DEBUG_INFO = NO;
				MTL_FAST_MATH = YES;
				SDKROOT = iphoneos;
				SWIFT_COMPILATION_MODE = wholemodule;
				SWIFT_OPTIMIZATION_LEVEL = "-O";
				VALIDATE_PRODUCT = YES;
			};
			name = Release;
		};
		D3CDE5E02A5575AD00A1DF60 /* Debug */ = {
			isa = XCBuildConfiguration;
			baseConfigurationReference = 8E655C94FA907BEE3E58CC91 /* Pods-Persistency.debug.xcconfig */;
			buildSettings = {
				ASSETCATALOG_COMPILER_APPICON_NAME = AppIcon;
				ASSETCATALOG_COMPILER_GLOBAL_ACCENT_COLOR_NAME = AccentColor;
				CODE_SIGN_STYLE = Automatic;
				CURRENT_PROJECT_VERSION = 1;
				DEVELOPMENT_ASSET_PATHS = "\"Persistency/Preview Content\"";
				DEVELOPMENT_TEAM = 58S2LQL6Z3;
				ENABLE_PREVIEWS = YES;
				GENERATE_INFOPLIST_FILE = YES;
				INFOPLIST_KEY_UIApplicationSceneManifest_Generation = YES;
				INFOPLIST_KEY_UIApplicationSupportsIndirectInputEvents = YES;
				INFOPLIST_KEY_UILaunchScreen_Generation = YES;
				INFOPLIST_KEY_UISupportedInterfaceOrientations_iPad = "UIInterfaceOrientationPortrait UIInterfaceOrientationPortraitUpsideDown UIInterfaceOrientationLandscapeLeft UIInterfaceOrientationLandscapeRight";
				INFOPLIST_KEY_UISupportedInterfaceOrientations_iPhone = "UIInterfaceOrientationPortrait UIInterfaceOrientationLandscapeLeft UIInterfaceOrientationLandscapeRight";
				LD_RUNPATH_SEARCH_PATHS = (
					"$(inherited)",
					"@executable_path/Frameworks",
				);
				MARKETING_VERSION = 1.0;
				PRODUCT_BUNDLE_IDENTIFIER = se.ascentic.Persistency;
				PRODUCT_NAME = "$(TARGET_NAME)";
				SWIFT_EMIT_LOC_STRINGS = YES;
				SWIFT_VERSION = 5.0;
				TARGETED_DEVICE_FAMILY = "1,2";
			};
			name = Debug;
		};
		D3CDE5E12A5575AD00A1DF60 /* Release */ = {
			isa = XCBuildConfiguration;
			baseConfigurationReference = F74E09697EDB46E9028B7D0F /* Pods-Persistency.release.xcconfig */;
			buildSettings = {
				ASSETCATALOG_COMPILER_APPICON_NAME = AppIcon;
				ASSETCATALOG_COMPILER_GLOBAL_ACCENT_COLOR_NAME = AccentColor;
				CODE_SIGN_STYLE = Automatic;
				CURRENT_PROJECT_VERSION = 1;
				DEVELOPMENT_ASSET_PATHS = "\"Persistency/Preview Content\"";
				DEVELOPMENT_TEAM = 58S2LQL6Z3;
				ENABLE_PREVIEWS = YES;
				GENERATE_INFOPLIST_FILE = YES;
				INFOPLIST_KEY_UIApplicationSceneManifest_Generation = YES;
				INFOPLIST_KEY_UIApplicationSupportsIndirectInputEvents = YES;
				INFOPLIST_KEY_UILaunchScreen_Generation = YES;
				INFOPLIST_KEY_UISupportedInterfaceOrientations_iPad = "UIInterfaceOrientationPortrait UIInterfaceOrientationPortraitUpsideDown UIInterfaceOrientationLandscapeLeft UIInterfaceOrientationLandscapeRight";
				INFOPLIST_KEY_UISupportedInterfaceOrientations_iPhone = "UIInterfaceOrientationPortrait UIInterfaceOrientationLandscapeLeft UIInterfaceOrientationLandscapeRight";
				LD_RUNPATH_SEARCH_PATHS = (
					"$(inherited)",
					"@executable_path/Frameworks",
				);
				MARKETING_VERSION = 1.0;
				PRODUCT_BUNDLE_IDENTIFIER = se.ascentic.Persistency;
				PRODUCT_NAME = "$(TARGET_NAME)";
				SWIFT_EMIT_LOC_STRINGS = YES;
				SWIFT_VERSION = 5.0;
				TARGETED_DEVICE_FAMILY = "1,2";
			};
			name = Release;
		};
/* End XCBuildConfiguration section */

/* Begin XCConfigurationList section */
		D3CDE5CC2A5575AB00A1DF60 /* Build configuration list for PBXProject "Persistency" */ = {
			isa = XCConfigurationList;
			buildConfigurations = (
				D3CDE5DD2A5575AD00A1DF60 /* Debug */,
				D3CDE5DE2A5575AD00A1DF60 /* Release */,
			);
			defaultConfigurationIsVisible = 0;
			defaultConfigurationName = Release;
		};
		D3CDE5DF2A5575AD00A1DF60 /* Build configuration list for PBXNativeTarget "Persistency" */ = {
			isa = XCConfigurationList;
			buildConfigurations = (
				D3CDE5E02A5575AD00A1DF60 /* Debug */,
				D3CDE5E12A5575AD00A1DF60 /* Release */,
			);
			defaultConfigurationIsVisible = 0;
			defaultConfigurationName = Release;
		};
/* End XCConfigurationList section */

/* Begin XCVersionGroup section */
		D3CDE5E82A566E3E00A1DF60 /* UserModel.xcdatamodeld */ = {
			isa = XCVersionGroup;
			children = (
				D3CDE5E92A566E3E00A1DF60 /* UserModel.xcdatamodel */,
			);
			currentVersion = D3CDE5E92A566E3E00A1DF60 /* UserModel.xcdatamodel */;
			path = UserModel.xcdatamodeld;
			sourceTree = "<group>";
			versionGroupType = wrapper.xcdatamodel;
		};
/* End XCVersionGroup section */
	};
	rootObject = D3CDE5C92A5575AB00A1DF60 /* Project object */;
}
