// !$*UTF8*$!
{
	archiveVersion = 1;
	classes = {
	};
	objectVersion = 56;
	objects = {

/* Begin PBXBuildFile section */
		D3CDE64D2A5D0C5E00A1DF60 /* User_defaults_test2App.swift in Sources */ = {isa = PBXBuildFile; fileRef = D3CDE64C2A5D0C5E00A1DF60 /* User_defaults_test2App.swift */; };
		D3CDE64F2A5D0C5E00A1DF60 /* ContentView.swift in Sources */ = {isa = PBXBuildFile; fileRef = D3CDE64E2A5D0C5E00A1DF60 /* ContentView.swift */; };
		D3CDE6512A5D0C6000A1DF60 /* Assets.xcassets in Resources */ = {isa = PBXBuildFile; fileRef = D3CDE6502A5D0C6000A1DF60 /* Assets.xcassets */; };
		D3CDE6542A5D0C6000A1DF60 /* Preview Assets.xcassets in Resources */ = {isa = PBXBuildFile; fileRef = D3CDE6532A5D0C6000A1DF60 /* Preview Assets.xcassets */; };
		D3CDE65B2A5D0C7100A1DF60 /* Persistance.swift in Sources */ = {isa = PBXBuildFile; fileRef = D3CDE65A2A5D0C7100A1DF60 /* Persistance.swift */; };
		D3CDE65D2A5D0CBC00A1DF60 /* Settings.swift in Sources */ = {isa = PBXBuildFile; fileRef = D3CDE65C2A5D0CBC00A1DF60 /* Settings.swift */; };
		D3CDE65F2A5D0D4300A1DF60 /* ViewModel.swift in Sources */ = {isa = PBXBuildFile; fileRef = D3CDE65E2A5D0D4300A1DF60 /* ViewModel.swift */; };
		D3CDE6612A5D320700A1DF60 /* SettingsView.swift in Sources */ = {isa = PBXBuildFile; fileRef = D3CDE6602A5D320600A1DF60 /* SettingsView.swift */; };
		D3CDE6632A5D327C00A1DF60 /* SettingsViewModel.swift in Sources */ = {isa = PBXBuildFile; fileRef = D3CDE6622A5D327C00A1DF60 /* SettingsViewModel.swift */; };
/* End PBXBuildFile section */

/* Begin PBXFileReference section */
		D3CDE6492A5D0C5E00A1DF60 /* User defaults-test2.app */ = {isa = PBXFileReference; explicitFileType = wrapper.application; includeInIndex = 0; path = "User defaults-test2.app"; sourceTree = BUILT_PRODUCTS_DIR; };
		D3CDE64C2A5D0C5E00A1DF60 /* User_defaults_test2App.swift */ = {isa = PBXFileReference; lastKnownFileType = sourcecode.swift; path = User_defaults_test2App.swift; sourceTree = "<group>"; };
		D3CDE64E2A5D0C5E00A1DF60 /* ContentView.swift */ = {isa = PBXFileReference; lastKnownFileType = sourcecode.swift; path = ContentView.swift; sourceTree = "<group>"; };
		D3CDE6502A5D0C6000A1DF60 /* Assets.xcassets */ = {isa = PBXFileReference; lastKnownFileType = folder.assetcatalog; path = Assets.xcassets; sourceTree = "<group>"; };
		D3CDE6532A5D0C6000A1DF60 /* Preview Assets.xcassets */ = {isa = PBXFileReference; lastKnownFileType = folder.assetcatalog; path = "Preview Assets.xcassets"; sourceTree = "<group>"; };
		D3CDE65A2A5D0C7100A1DF60 /* Persistance.swift */ = {isa = PBXFileReference; lastKnownFileType = sourcecode.swift; path = Persistance.swift; sourceTree = "<group>"; };
		D3CDE65C2A5D0CBC00A1DF60 /* Settings.swift */ = {isa = PBXFileReference; lastKnownFileType = sourcecode.swift; path = Settings.swift; sourceTree = "<group>"; };
		D3CDE65E2A5D0D4300A1DF60 /* ViewModel.swift */ = {isa = PBXFileReference; lastKnownFileType = sourcecode.swift; path = ViewModel.swift; sourceTree = "<group>"; };
		D3CDE6602A5D320600A1DF60 /* SettingsView.swift */ = {isa = PBXFileReference; lastKnownFileType = sourcecode.swift; path = SettingsView.swift; sourceTree = "<group>"; };
		D3CDE6622A5D327C00A1DF60 /* SettingsViewModel.swift */ = {isa = PBXFileReference; lastKnownFileType = sourcecode.swift; path = SettingsViewModel.swift; sourceTree = "<group>"; };
/* End PBXFileReference section */

/* Begin PBXFrameworksBuildPhase section */
		D3CDE6462A5D0C5E00A1DF60 /* Frameworks */ = {
			isa = PBXFrameworksBuildPhase;
			buildActionMask = 2147483647;
			files = (
			);
			runOnlyForDeploymentPostprocessing = 0;
		};
/* End PBXFrameworksBuildPhase section */

/* Begin PBXGroup section */
		D3CDE6402A5D0C5E00A1DF60 = {
			isa = PBXGroup;
			children = (
				D3CDE64B2A5D0C5E00A1DF60 /* User defaults-test2 */,
				D3CDE64A2A5D0C5E00A1DF60 /* Products */,
			);
			sourceTree = "<group>";
		};
		D3CDE64A2A5D0C5E00A1DF60 /* Products */ = {
			isa = PBXGroup;
			children = (
				D3CDE6492A5D0C5E00A1DF60 /* User defaults-test2.app */,
			);
			name = Products;
			sourceTree = "<group>";
		};
		D3CDE64B2A5D0C5E00A1DF60 /* User defaults-test2 */ = {
			isa = PBXGroup;
			children = (
				D3CDE64C2A5D0C5E00A1DF60 /* User_defaults_test2App.swift */,
				D3CDE64E2A5D0C5E00A1DF60 /* ContentView.swift */,
				D3CDE6502A5D0C6000A1DF60 /* Assets.xcassets */,
				D3CDE6522A5D0C6000A1DF60 /* Preview Content */,
				D3CDE65A2A5D0C7100A1DF60 /* Persistance.swift */,
				D3CDE65C2A5D0CBC00A1DF60 /* Settings.swift */,
				D3CDE6602A5D320600A1DF60 /* SettingsView.swift */,
				D3CDE6622A5D327C00A1DF60 /* SettingsViewModel.swift */,
			);
			path = "User defaults-test2";
			sourceTree = "<group>";
		};
		D3CDE6522A5D0C6000A1DF60 /* Preview Content */ = {
			isa = PBXGroup;
			children = (
				D3CDE6532A5D0C6000A1DF60 /* Preview Assets.xcassets */,
				D3CDE65E2A5D0D4300A1DF60 /* ViewModel.swift */,
			);
			path = "Preview Content";
			sourceTree = "<group>";
		};
/* End PBXGroup section */

/* Begin PBXNativeTarget section */
		D3CDE6482A5D0C5E00A1DF60 /* User defaults-test2 */ = {
			isa = PBXNativeTarget;
			buildConfigurationList = D3CDE6572A5D0C6000A1DF60 /* Build configuration list for PBXNativeTarget "User defaults-test2" */;
			buildPhases = (
				D3CDE6452A5D0C5E00A1DF60 /* Sources */,
				D3CDE6462A5D0C5E00A1DF60 /* Frameworks */,
				D3CDE6472A5D0C5E00A1DF60 /* Resources */,
			);
			buildRules = (
			);
			dependencies = (
			);
			name = "User defaults-test2";
			productName = "User defaults-test2";
			productReference = D3CDE6492A5D0C5E00A1DF60 /* User defaults-test2.app */;
			productType = "com.apple.product-type.application";
		};
/* End PBXNativeTarget section */

/* Begin PBXProject section */
		D3CDE6412A5D0C5E00A1DF60 /* Project object */ = {
			isa = PBXProject;
			attributes = {
				BuildIndependentTargetsInParallel = 1;
				LastSwiftUpdateCheck = 1420;
				LastUpgradeCheck = 1420;
				TargetAttributes = {
					D3CDE6482A5D0C5E00A1DF60 = {
						CreatedOnToolsVersion = 14.2;
					};
				};
			};
			buildConfigurationList = D3CDE6442A5D0C5E00A1DF60 /* Build configuration list for PBXProject "User defaults-test2" */;
			compatibilityVersion = "Xcode 14.0";
			developmentRegion = en;
			hasScannedForEncodings = 0;
			knownRegions = (
				en,
				Base,
			);
			mainGroup = D3CDE6402A5D0C5E00A1DF60;
			productRefGroup = D3CDE64A2A5D0C5E00A1DF60 /* Products */;
			projectDirPath = "";
			projectRoot = "";
			targets = (
				D3CDE6482A5D0C5E00A1DF60 /* User defaults-test2 */,
			);
		};
/* End PBXProject section */

/* Begin PBXResourcesBuildPhase section */
		D3CDE6472A5D0C5E00A1DF60 /* Resources */ = {
			isa = PBXResourcesBuildPhase;
			buildActionMask = 2147483647;
			files = (
				D3CDE6542A5D0C6000A1DF60 /* Preview Assets.xcassets in Resources */,
				D3CDE6512A5D0C6000A1DF60 /* Assets.xcassets in Resources */,
			);
			runOnlyForDeploymentPostprocessing = 0;
		};
/* End PBXResourcesBuildPhase section */

/* Begin PBXSourcesBuildPhase section */
		D3CDE6452A5D0C5E00A1DF60 /* Sources */ = {
			isa = PBXSourcesBuildPhase;
			buildActionMask = 2147483647;
			files = (
				D3CDE65F2A5D0D4300A1DF60 /* ViewModel.swift in Sources */,
				D3CDE64F2A5D0C5E00A1DF60 /* ContentView.swift in Sources */,
				D3CDE64D2A5D0C5E00A1DF60 /* User_defaults_test2App.swift in Sources */,
				D3CDE6612A5D320700A1DF60 /* SettingsView.swift in Sources */,
				D3CDE65D2A5D0CBC00A1DF60 /* Settings.swift in Sources */,
				D3CDE65B2A5D0C7100A1DF60 /* Persistance.swift in Sources */,
				D3CDE6632A5D327C00A1DF60 /* SettingsViewModel.swift in Sources */,
			);
			runOnlyForDeploymentPostprocessing = 0;
		};
/* End PBXSourcesBuildPhase section */

/* Begin XCBuildConfiguration section */
		D3CDE6552A5D0C6000A1DF60 /* Debug */ = {
			isa = XCBuildConfiguration;
			buildSettings = {
				ALWAYS_SEARCH_USER_PATHS = NO;
				CLANG_ANALYZER_NONNULL = YES;
				CLANG_ANALYZER_NUMBER_OBJECT_CONVERSION = YES_AGGRESSIVE;
				CLANG_CXX_LANGUAGE_STANDARD = "gnu++20";
				CLANG_ENABLE_MODULES = YES;
				CLANG_ENABLE_OBJC_ARC = YES;
				CLANG_ENABLE_OBJC_WEAK = YES;
				CLANG_WARN_BLOCK_CAPTURE_AUTORELEASING = YES;
				CLANG_WARN_BOOL_CONVERSION = YES;
				CLANG_WARN_COMMA = YES;
				CLANG_WARN_CONSTANT_CONVERSION = YES;
				CLANG_WARN_DEPRECATED_OBJC_IMPLEMENTATIONS = YES;
				CLANG_WARN_DIRECT_OBJC_ISA_USAGE = YES_ERROR;
				CLANG_WARN_DOCUMENTATION_COMMENTS = YES;
				CLANG_WARN_EMPTY_BODY = YES;
				CLANG_WARN_ENUM_CONVERSION = YES;
				CLANG_WARN_INFINITE_RECURSION = YES;
				CLANG_WARN_INT_CONVERSION = YES;
				CLANG_WARN_NON_LITERAL_NULL_CONVERSION = YES;
				CLANG_WARN_OBJC_IMPLICIT_RETAIN_SELF = YES;
				CLANG_WARN_OBJC_LITERAL_CONVERSION = YES;
				CLANG_WARN_OBJC_ROOT_CLASS = YES_ERROR;
				CLANG_WARN_QUOTED_INCLUDE_IN_FRAMEWORK_HEADER = YES;
				CLANG_WARN_RANGE_LOOP_ANALYSIS = YES;
				CLANG_WARN_STRICT_PROTOTYPES = YES;
				CLANG_WARN_SUSPICIOUS_MOVE = YES;
				CLANG_WARN_UNGUARDED_AVAILABILITY = YES_AGGRESSIVE;
				CLANG_WARN_UNREACHABLE_CODE = YES;
				CLANG_WARN__DUPLICATE_METHOD_MATCH = YES;
				COPY_PHASE_STRIP = NO;
				DEBUG_INFORMATION_FORMAT = dwarf;
				ENABLE_STRICT_OBJC_MSGSEND = YES;
				ENABLE_TESTABILITY = YES;
				GCC_C_LANGUAGE_STANDARD = gnu11;
				GCC_DYNAMIC_NO_PIC = NO;
				GCC_NO_COMMON_BLOCKS = YES;
				GCC_OPTIMIZATION_LEVEL = 0;
				GCC_PREPROCESSOR_DEFINITIONS = (
					"DEBUG=1",
					"$(inherited)",
				);
				GCC_WARN_64_TO_32_BIT_CONVERSION = YES;
				GCC_WARN_ABOUT_RETURN_TYPE = YES_ERROR;
				GCC_WARN_UNDECLARED_SELECTOR = YES;
				GCC_WARN_UNINITIALIZED_AUTOS = YES_AGGRESSIVE;
				GCC_WARN_UNUSED_FUNCTION = YES;
				GCC_WARN_UNUSED_VARIABLE = YES;
				IPHONEOS_DEPLOYMENT_TARGET = 16.2;
				MTL_ENABLE_DEBUG_INFO = INCLUDE_SOURCE;
				MTL_FAST_MATH = YES;
				ONLY_ACTIVE_ARCH = YES;
				SDKROOT = iphoneos;
				SWIFT_ACTIVE_COMPILATION_CONDITIONS = DEBUG;
				SWIFT_OPTIMIZATION_LEVEL = "-Onone";
			};
			name = Debug;
		};
		D3CDE6562A5D0C6000A1DF60 /* Release */ = {
			isa = XCBuildConfiguration;
			buildSettings = {
				ALWAYS_SEARCH_USER_PATHS = NO;
				CLANG_ANALYZER_NONNULL = YES;
				CLANG_ANALYZER_NUMBER_OBJECT_CONVERSION = YES_AGGRESSIVE;
				CLANG_CXX_LANGUAGE_STANDARD = "gnu++20";
				CLANG_ENABLE_MODULES = YES;
				CLANG_ENABLE_OBJC_ARC = YES;
				CLANG_ENABLE_OBJC_WEAK = YES;
				CLANG_WARN_BLOCK_CAPTURE_AUTORELEASING = YES;
				CLANG_WARN_BOOL_CONVERSION = YES;
				CLANG_WARN_COMMA = YES;
				CLANG_WARN_CONSTANT_CONVERSION = YES;
				CLANG_WARN_DEPRECATED_OBJC_IMPLEMENTATIONS = YES;
				CLANG_WARN_DIRECT_OBJC_ISA_USAGE = YES_ERROR;
				CLANG_WARN_DOCUMENTATION_COMMENTS = YES;
				CLANG_WARN_EMPTY_BODY = YES;
				CLANG_WARN_ENUM_CONVERSION = YES;
				CLANG_WARN_INFINITE_RECURSION = YES;
				CLANG_WARN_INT_CONVERSION = YES;
				CLANG_WARN_NON_LITERAL_NULL_CONVERSION = YES;
				CLANG_WARN_OBJC_IMPLICIT_RETAIN_SELF = YES;
				CLANG_WARN_OBJC_LITERAL_CONVERSION = YES;
				CLANG_WARN_OBJC_ROOT_CLASS = YES_ERROR;
				CLANG_WARN_QUOTED_INCLUDE_IN_FRAMEWORK_HEADER = YES;
				CLANG_WARN_RANGE_LOOP_ANALYSIS = YES;
				CLANG_WARN_STRICT_PROTOTYPES = YES;
				CLANG_WARN_SUSPICIOUS_MOVE = YES;
				CLANG_WARN_UNGUARDED_AVAILABILITY = YES_AGGRESSIVE;
				CLANG_WARN_UNREACHABLE_CODE = YES;
				CLANG_WARN__DUPLICATE_METHOD_MATCH = YES;
				COPY_PHASE_STRIP = NO;
				DEBUG_INFORMATION_FORMAT = "dwarf-with-dsym";
				ENABLE_NS_ASSERTIONS = NO;
				ENABLE_STRICT_OBJC_MSGSEND = YES;
				GCC_C_LANGUAGE_STANDARD = gnu11;
				GCC_NO_COMMON_BLOCKS = YES;
				GCC_WARN_64_TO_32_BIT_CONVERSION = YES;
				GCC_WARN_ABOUT_RETURN_TYPE = YES_ERROR;
				GCC_WARN_UNDECLARED_SELECTOR = YES;
				GCC_WARN_UNINITIALIZED_AUTOS = YES_AGGRESSIVE;
				GCC_WARN_UNUSED_FUNCTION = YES;
				GCC_WARN_UNUSED_VARIABLE = YES;
				IPHONEOS_DEPLOYMENT_TARGET = 16.2;
				MTL_ENABLE_DEBUG_INFO = NO;
				MTL_FAST_MATH = YES;
				SDKROOT = iphoneos;
				SWIFT_COMPILATION_MODE = wholemodule;
				SWIFT_OPTIMIZATION_LEVEL = "-O";
				VALIDATE_PRODUCT = YES;
			};
			name = Release;
		};
		D3CDE6582A5D0C6000A1DF60 /* Debug */ = {
			isa = XCBuildConfiguration;
			buildSettings = {
				ASSETCATALOG_COMPILER_APPICON_NAME = AppIcon;
				ASSETCATALOG_COMPILER_GLOBAL_ACCENT_COLOR_NAME = AccentColor;
				CODE_SIGN_STYLE = Automatic;
				CURRENT_PROJECT_VERSION = 1;
				DEVELOPMENT_ASSET_PATHS = "\"User defaults-test2/Preview Content\"";
				DEVELOPMENT_TEAM = 58S2LQL6Z3;
				ENABLE_PREVIEWS = YES;
				GENERATE_INFOPLIST_FILE = YES;
				INFOPLIST_KEY_UIApplicationSceneManifest_Generation = YES;
				INFOPLIST_KEY_UIApplicationSupportsIndirectInputEvents = YES;
				INFOPLIST_KEY_UILaunchScreen_Generation = YES;
				INFOPLIST_KEY_UISupportedInterfaceOrientations_iPad = "UIInterfaceOrientationPortrait UIInterfaceOrientationPortraitUpsideDown UIInterfaceOrientationLandscapeLeft UIInterfaceOrientationLandscapeRight";
				INFOPLIST_KEY_UISupportedInterfaceOrientations_iPhone = "UIInterfaceOrientationPortrait UIInterfaceOrientationLandscapeLeft UIInterfaceOrientationLandscapeRight";
				LD_RUNPATH_SEARCH_PATHS = (
					"$(inherited)",
					"@executable_path/Frameworks",
				);
				MARKETING_VERSION = 1.0;
				PRODUCT_BUNDLE_IDENTIFIER = "se.ascentic.User-defaults-test2";
				PRODUCT_NAME = "$(TARGET_NAME)";
				SWIFT_EMIT_LOC_STRINGS = YES;
				SWIFT_VERSION = 5.0;
				TARGETED_DEVICE_FAMILY = "1,2";
			};
			name = Debug;
		};
		D3CDE6592A5D0C6000A1DF60 /* Release */ = {
			isa = XCBuildConfiguration;
			buildSettings = {
				ASSETCATALOG_COMPILER_APPICON_NAME = AppIcon;
				ASSETCATALOG_COMPILER_GLOBAL_ACCENT_COLOR_NAME = AccentColor;
				CODE_SIGN_STYLE = Automatic;
				CURRENT_PROJECT_VERSION = 1;
				DEVELOPMENT_ASSET_PATHS = "\"User defaults-test2/Preview Content\"";
				DEVELOPMENT_TEAM = 58S2LQL6Z3;
				ENABLE_PREVIEWS = YES;
				GENERATE_INFOPLIST_FILE = YES;
				INFOPLIST_KEY_UIApplicationSceneManifest_Generation = YES;
				INFOPLIST_KEY_UIApplicationSupportsIndirectInputEvents = YES;
				INFOPLIST_KEY_UILaunchScreen_Generation = YES;
				INFOPLIST_KEY_UISupportedInterfaceOrientations_iPad = "UIInterfaceOrientationPortrait UIInterfaceOrientationPortraitUpsideDown UIInterfaceOrientationLandscapeLeft UIInterfaceOrientationLandscapeRight";
				INFOPLIST_KEY_UISupportedInterfaceOrientations_iPhone = "UIInterfaceOrientationPortrait UIInterfaceOrientationLandscapeLeft UIInterfaceOrientationLandscapeRight";
				LD_RUNPATH_SEARCH_PATHS = (
					"$(inherited)",
					"@executable_path/Frameworks",
				);
				MARKETING_VERSION = 1.0;
				PRODUCT_BUNDLE_IDENTIFIER = "se.ascentic.User-defaults-test2";
				PRODUCT_NAME = "$(TARGET_NAME)";
				SWIFT_EMIT_LOC_STRINGS = YES;
				SWIFT_VERSION = 5.0;
				TARGETED_DEVICE_FAMILY = "1,2";
			};
			name = Release;
		};
/* End XCBuildConfiguration section */

/* Begin XCConfigurationList section */
		D3CDE6442A5D0C5E00A1DF60 /* Build configuration list for PBXProject "User defaults-test2" */ = {
			isa = XCConfigurationList;
			buildConfigurations = (
				D3CDE6552A5D0C6000A1DF60 /* Debug */,
				D3CDE6562A5D0C6000A1DF60 /* Release */,
			);
			defaultConfigurationIsVisible = 0;
			defaultConfigurationName = Release;
		};
		D3CDE6572A5D0C6000A1DF60 /* Build configuration list for PBXNativeTarget "User defaults-test2" */ = {
			isa = XCConfigurationList;
			buildConfigurations = (
				D3CDE6582A5D0C6000A1DF60 /* Debug */,
				D3CDE6592A5D0C6000A1DF60 /* Release */,
			);
			defaultConfigurationIsVisible = 0;
			defaultConfigurationName = Release;
		};
/* End XCConfigurationList section */
	};
	rootObject = D3CDE6412A5D0C5E00A1DF60 /* Project object */;
}
