// !$*UTF8*$!
{
	archiveVersion = 1;
	classes = {
	};
	objectVersion = 56;
	objects = {

/* Begin PBXBuildFile section */
		D33E56BE2A68E5DC00886328 /* persistenceApp.swift in Sources */ = {isa = PBXBuildFile; fileRef = D33E56BD2A68E5DC00886328 /* persistenceApp.swift */; };
		D33E56C02A68E5DC00886328 /* ContentView.swift in Sources */ = {isa = PBXBuildFile; fileRef = D33E56BF2A68E5DC00886328 /* ContentView.swift */; };
		D33E56C22A68E5DE00886328 /* Assets.xcassets in Resources */ = {isa = PBXBuildFile; fileRef = D33E56C12A68E5DE00886328 /* Assets.xcassets */; };
		D33E56C52A68E5DE00886328 /* Preview Assets.xcassets in Resources */ = {isa = PBXBuildFile; fileRef = D33E56C42A68E5DE00886328 /* Preview Assets.xcassets */; };
		D33E56CD2A68EAA100886328 /* UserDefaultsView.swift in Sources */ = {isa = PBXBuildFile; fileRef = D33E56CC2A68EAA100886328 /* UserDefaultsView.swift */; };
		D33E56CF2A68EBDF00886328 /* Persistence.swift in Sources */ = {isa = PBXBuildFile; fileRef = D33E56CE2A68EBDF00886328 /* Persistence.swift */; };
		D33E56D12A68ED6000886328 /* SettingsViewModel.swift in Sources */ = {isa = PBXBuildFile; fileRef = D33E56D02A68ED6000886328 /* SettingsViewModel.swift */; };
		D33E56D32A68EDD400886328 /* SettingsView.swift in Sources */ = {isa = PBXBuildFile; fileRef = D33E56D22A68EDD400886328 /* SettingsView.swift */; };
		D33E56D62A68F2D700886328 /* KeychainSwift in Frameworks */ = {isa = PBXBuildFile; productRef = D33E56D52A68F2D700886328 /* KeychainSwift */; };
		D33E56D82A68F31500886328 /* KeychainView.swift in Sources */ = {isa = PBXBuildFile; fileRef = D33E56D72A68F31500886328 /* KeychainView.swift */; };
/* End PBXBuildFile section */

/* Begin PBXFileReference section */
		D33E56BA2A68E5DC00886328 /* persistence.app */ = {isa = PBXFileReference; explicitFileType = wrapper.application; includeInIndex = 0; path = persistence.app; sourceTree = BUILT_PRODUCTS_DIR; };
		D33E56BD2A68E5DC00886328 /* persistenceApp.swift */ = {isa = PBXFileReference; lastKnownFileType = sourcecode.swift; path = persistenceApp.swift; sourceTree = "<group>"; };
		D33E56BF2A68E5DC00886328 /* ContentView.swift */ = {isa = PBXFileReference; lastKnownFileType = sourcecode.swift; path = ContentView.swift; sourceTree = "<group>"; };
		D33E56C12A68E5DE00886328 /* Assets.xcassets */ = {isa = PBXFileReference; lastKnownFileType = folder.assetcatalog; path = Assets.xcassets; sourceTree = "<group>"; };
		D33E56C42A68E5DE00886328 /* Preview Assets.xcassets */ = {isa = PBXFileReference; lastKnownFileType = folder.assetcatalog; path = "Preview Assets.xcassets"; sourceTree = "<group>"; };
		D33E56CC2A68EAA100886328 /* UserDefaultsView.swift */ = {isa = PBXFileReference; lastKnownFileType = sourcecode.swift; path = UserDefaultsView.swift; sourceTree = "<group>"; };
		D33E56CE2A68EBDF00886328 /* Persistence.swift */ = {isa = PBXFileReference; lastKnownFileType = sourcecode.swift; path = Persistence.swift; sourceTree = "<group>"; };
		D33E56D02A68ED6000886328 /* SettingsViewModel.swift */ = {isa = PBXFileReference; lastKnownFileType = sourcecode.swift; path = SettingsViewModel.swift; sourceTree = "<group>"; };
		D33E56D22A68EDD400886328 /* SettingsView.swift */ = {isa = PBXFileReference; lastKnownFileType = sourcecode.swift; path = SettingsView.swift; sourceTree = "<group>"; };
		D33E56D72A68F31500886328 /* KeychainView.swift */ = {isa = PBXFileReference; lastKnownFileType = sourcecode.swift; path = KeychainView.swift; sourceTree = "<group>"; };
/* End PBXFileReference section */

/* Begin PBXFrameworksBuildPhase section */
		D33E56B72A68E5DC00886328 /* Frameworks */ = {
			isa = PBXFrameworksBuildPhase;
			buildActionMask = 2147483647;
			files = (
				D33E56D62A68F2D700886328 /* KeychainSwift in Frameworks */,
			);
			runOnlyForDeploymentPostprocessing = 0;
		};
/* End PBXFrameworksBuildPhase section */

/* Begin PBXGroup section */
		D33E56B12A68E5DC00886328 = {
			isa = PBXGroup;
			children = (
				D33E56BC2A68E5DC00886328 /* persistence */,
				D33E56BB2A68E5DC00886328 /* Products */,
			);
			sourceTree = "<group>";
		};
		D33E56BB2A68E5DC00886328 /* Products */ = {
			isa = PBXGroup;
			children = (
				D33E56BA2A68E5DC00886328 /* persistence.app */,
			);
			name = Products;
			sourceTree = "<group>";
		};
		D33E56BC2A68E5DC00886328 /* persistence */ = {
			isa = PBXGroup;
			children = (
				D33E56BD2A68E5DC00886328 /* persistenceApp.swift */,
				D33E56BF2A68E5DC00886328 /* ContentView.swift */,
				D33E56D02A68ED6000886328 /* SettingsViewModel.swift */,
				D33E56C12A68E5DE00886328 /* Assets.xcassets */,
				D33E56C32A68E5DE00886328 /* Preview Content */,
				D33E56CC2A68EAA100886328 /* UserDefaultsView.swift */,
				D33E56CE2A68EBDF00886328 /* Persistence.swift */,
				D33E56D22A68EDD400886328 /* SettingsView.swift */,
				D33E56D72A68F31500886328 /* KeychainView.swift */,
			);
			path = persistence;
			sourceTree = "<group>";
		};
		D33E56C32A68E5DE00886328 /* Preview Content */ = {
			isa = PBXGroup;
			children = (
				D33E56C42A68E5DE00886328 /* Preview Assets.xcassets */,
			);
			path = "Preview Content";
			sourceTree = "<group>";
		};
/* End PBXGroup section */

/* Begin PBXNativeTarget section */
		D33E56B92A68E5DC00886328 /* persistence */ = {
			isa = PBXNativeTarget;
			buildConfigurationList = D33E56C82A68E5DE00886328 /* Build configuration list for PBXNativeTarget "persistence" */;
			buildPhases = (
				D33E56B62A68E5DC00886328 /* Sources */,
				D33E56B72A68E5DC00886328 /* Frameworks */,
				D33E56B82A68E5DC00886328 /* Resources */,
			);
			buildRules = (
			);
			dependencies = (
			);
			name = persistence;
			packageProductDependencies = (
				D33E56D52A68F2D700886328 /* KeychainSwift */,
			);
			productName = persistence;
			productReference = D33E56BA2A68E5DC00886328 /* persistence.app */;
			productType = "com.apple.product-type.application";
		};
/* End PBXNativeTarget section */

/* Begin PBXProject section */
		D33E56B22A68E5DC00886328 /* Project object */ = {
			isa = PBXProject;
			attributes = {
				BuildIndependentTargetsInParallel = 1;
				LastSwiftUpdateCheck = 1420;
				LastUpgradeCheck = 1420;
				TargetAttributes = {
					D33E56B92A68E5DC00886328 = {
						CreatedOnToolsVersion = 14.2;
					};
				};
			};
			buildConfigurationList = D33E56B52A68E5DC00886328 /* Build configuration list for PBXProject "persistence" */;
			compatibilityVersion = "Xcode 14.0";
			developmentRegion = en;
			hasScannedForEncodings = 0;
			knownRegions = (
				en,
				Base,
			);
			mainGroup = D33E56B12A68E5DC00886328;
			packageReferences = (
				D33E56D42A68F2D700886328 /* XCRemoteSwiftPackageReference "keychain-swift" */,
			);
			productRefGroup = D33E56BB2A68E5DC00886328 /* Products */;
			projectDirPath = "";
			projectRoot = "";
			targets = (
				D33E56B92A68E5DC00886328 /* persistence */,
			);
		};
/* End PBXProject section */

/* Begin PBXResourcesBuildPhase section */
		D33E56B82A68E5DC00886328 /* Resources */ = {
			isa = PBXResourcesBuildPhase;
			buildActionMask = 2147483647;
			files = (
				D33E56C52A68E5DE00886328 /* Preview Assets.xcassets in Resources */,
				D33E56C22A68E5DE00886328 /* Assets.xcassets in Resources */,
			);
			runOnlyForDeploymentPostprocessing = 0;
		};
/* End PBXResourcesBuildPhase section */

/* Begin PBXSourcesBuildPhase section */
		D33E56B62A68E5DC00886328 /* Sources */ = {
			isa = PBXSourcesBuildPhase;
			buildActionMask = 2147483647;
			files = (
				D33E56D82A68F31500886328 /* KeychainView.swift in Sources */,
				D33E56D12A68ED6000886328 /* SettingsViewModel.swift in Sources */,
				D33E56CD2A68EAA100886328 /* UserDefaultsView.swift in Sources */,
				D33E56CF2A68EBDF00886328 /* Persistence.swift in Sources */,
				D33E56D32A68EDD400886328 /* SettingsView.swift in Sources */,
				D33E56C02A68E5DC00886328 /* ContentView.swift in Sources */,
				D33E56BE2A68E5DC00886328 /* persistenceApp.swift in Sources */,
			);
			runOnlyForDeploymentPostprocessing = 0;
		};
/* End PBXSourcesBuildPhase section */

/* Begin XCBuildConfiguration section */
		D33E56C62A68E5DE00886328 /* Debug */ = {
			isa = XCBuildConfiguration;
			buildSettings = {
				ALWAYS_SEARCH_USER_PATHS = NO;
				CLANG_ANALYZER_NONNULL = YES;
				CLANG_ANALYZER_NUMBER_OBJECT_CONVERSION = YES_AGGRESSIVE;
				CLANG_CXX_LANGUAGE_STANDARD = "gnu++20";
				CLANG_ENABLE_MODULES = YES;
				CLANG_ENABLE_OBJC_ARC = YES;
				CLANG_ENABLE_OBJC_WEAK = YES;
				CLANG_WARN_BLOCK_CAPTURE_AUTORELEASING = YES;
				CLANG_WARN_BOOL_CONVERSION = YES;
				CLANG_WARN_COMMA = YES;
				CLANG_WARN_CONSTANT_CONVERSION = YES;
				CLANG_WARN_DEPRECATED_OBJC_IMPLEMENTATIONS = YES;
				CLANG_WARN_DIRECT_OBJC_ISA_USAGE = YES_ERROR;
				CLANG_WARN_DOCUMENTATION_COMMENTS = YES;
				CLANG_WARN_EMPTY_BODY = YES;
				CLANG_WARN_ENUM_CONVERSION = YES;
				CLANG_WARN_INFINITE_RECURSION = YES;
				CLANG_WARN_INT_CONVERSION = YES;
				CLANG_WARN_NON_LITERAL_NULL_CONVERSION = YES;
				CLANG_WARN_OBJC_IMPLICIT_RETAIN_SELF = YES;
				CLANG_WARN_OBJC_LITERAL_CONVERSION = YES;
				CLANG_WARN_OBJC_ROOT_CLASS = YES_ERROR;
				CLANG_WARN_QUOTED_INCLUDE_IN_FRAMEWORK_HEADER = YES;
				CLANG_WARN_RANGE_LOOP_ANALYSIS = YES;
				CLANG_WARN_STRICT_PROTOTYPES = YES;
				CLANG_WARN_SUSPICIOUS_MOVE = YES;
				CLANG_WARN_UNGUARDED_AVAILABILITY = YES_AGGRESSIVE;
				CLANG_WARN_UNREACHABLE_CODE = YES;
				CLANG_WARN__DUPLICATE_METHOD_MATCH = YES;
				COPY_PHASE_STRIP = NO;
				DEBUG_INFORMATION_FORMAT = dwarf;
				ENABLE_STRICT_OBJC_MSGSEND = YES;
				ENABLE_TESTABILITY = YES;
				GCC_C_LANGUAGE_STANDARD = gnu11;
				GCC_DYNAMIC_NO_PIC = NO;
				GCC_NO_COMMON_BLOCKS = YES;
				GCC_OPTIMIZATION_LEVEL = 0;
				GCC_PREPROCESSOR_DEFINITIONS = (
					"DEBUG=1",
					"$(inherited)",
				);
				GCC_WARN_64_TO_32_BIT_CONVERSION = YES;
				GCC_WARN_ABOUT_RETURN_TYPE = YES_ERROR;
				GCC_WARN_UNDECLARED_SELECTOR = YES;
				GCC_WARN_UNINITIALIZED_AUTOS = YES_AGGRESSIVE;
				GCC_WARN_UNUSED_FUNCTION = YES;
				GCC_WARN_UNUSED_VARIABLE = YES;
				IPHONEOS_DEPLOYMENT_TARGET = 16.2;
				MTL_ENABLE_DEBUG_INFO = INCLUDE_SOURCE;
				MTL_FAST_MATH = YES;
				ONLY_ACTIVE_ARCH = YES;
				SDKROOT = iphoneos;
				SWIFT_ACTIVE_COMPILATION_CONDITIONS = DEBUG;
				SWIFT_OPTIMIZATION_LEVEL = "-Onone";
			};
			name = Debug;
		};
		D33E56C72A68E5DE00886328 /* Release */ = {
			isa = XCBuildConfiguration;
			buildSettings = {
				ALWAYS_SEARCH_USER_PATHS = NO;
				CLANG_ANALYZER_NONNULL = YES;
				CLANG_ANALYZER_NUMBER_OBJECT_CONVERSION = YES_AGGRESSIVE;
				CLANG_CXX_LANGUAGE_STANDARD = "gnu++20";
				CLANG_ENABLE_MODULES = YES;
				CLANG_ENABLE_OBJC_ARC = YES;
				CLANG_ENABLE_OBJC_WEAK = YES;
				CLANG_WARN_BLOCK_CAPTURE_AUTORELEASING = YES;
				CLANG_WARN_BOOL_CONVERSION = YES;
				CLANG_WARN_COMMA = YES;
				CLANG_WARN_CONSTANT_CONVERSION = YES;
				CLANG_WARN_DEPRECATED_OBJC_IMPLEMENTATIONS = YES;
				CLANG_WARN_DIRECT_OBJC_ISA_USAGE = YES_ERROR;
				CLANG_WARN_DOCUMENTATION_COMMENTS = YES;
				CLANG_WARN_EMPTY_BODY = YES;
				CLANG_WARN_ENUM_CONVERSION = YES;
				CLANG_WARN_INFINITE_RECURSION = YES;
				CLANG_WARN_INT_CONVERSION = YES;
				CLANG_WARN_NON_LITERAL_NULL_CONVERSION = YES;
				CLANG_WARN_OBJC_IMPLICIT_RETAIN_SELF = YES;
				CLANG_WARN_OBJC_LITERAL_CONVERSION = YES;
				CLANG_WARN_OBJC_ROOT_CLASS = YES_ERROR;
				CLANG_WARN_QUOTED_INCLUDE_IN_FRAMEWORK_HEADER = YES;
				CLANG_WARN_RANGE_LOOP_ANALYSIS = YES;
				CLANG_WARN_STRICT_PROTOTYPES = YES;
				CLANG_WARN_SUSPICIOUS_MOVE = YES;
				CLANG_WARN_UNGUARDED_AVAILABILITY = YES_AGGRESSIVE;
				CLANG_WARN_UNREACHABLE_CODE = YES;
				CLANG_WARN__DUPLICATE_METHOD_MATCH = YES;
				COPY_PHASE_STRIP = NO;
				DEBUG_INFORMATION_FORMAT = "dwarf-with-dsym";
				ENABLE_NS_ASSERTIONS = NO;
				ENABLE_STRICT_OBJC_MSGSEND = YES;
				GCC_C_LANGUAGE_STANDARD = gnu11;
				GCC_NO_COMMON_BLOCKS = YES;
				GCC_WARN_64_TO_32_BIT_CONVERSION = YES;
				GCC_WARN_ABOUT_RETURN_TYPE = YES_ERROR;
				GCC_WARN_UNDECLARED_SELECTOR = YES;
				GCC_WARN_UNINITIALIZED_AUTOS = YES_AGGRESSIVE;
				GCC_WARN_UNUSED_FUNCTION = YES;
				GCC_WARN_UNUSED_VARIABLE = YES;
				IPHONEOS_DEPLOYMENT_TARGET = 16.2;
				MTL_ENABLE_DEBUG_INFO = NO;
				MTL_FAST_MATH = YES;
				SDKROOT = iphoneos;
				SWIFT_COMPILATION_MODE = wholemodule;
				SWIFT_OPTIMIZATION_LEVEL = "-O";
				VALIDATE_PRODUCT = YES;
			};
			name = Release;
		};
		D33E56C92A68E5DE00886328 /* Debug */ = {
			isa = XCBuildConfiguration;
			buildSettings = {
				ASSETCATALOG_COMPILER_APPICON_NAME = AppIcon;
				ASSETCATALOG_COMPILER_GLOBAL_ACCENT_COLOR_NAME = AccentColor;
				CODE_SIGN_STYLE = Automatic;
				CURRENT_PROJECT_VERSION = 1;
				DEVELOPMENT_ASSET_PATHS = "\"persistence/Preview Content\"";
				DEVELOPMENT_TEAM = 58S2LQL6Z3;
				ENABLE_PREVIEWS = YES;
				GENERATE_INFOPLIST_FILE = YES;
				INFOPLIST_KEY_UIApplicationSceneManifest_Generation = YES;
				INFOPLIST_KEY_UIApplicationSupportsIndirectInputEvents = YES;
				INFOPLIST_KEY_UILaunchScreen_Generation = YES;
				INFOPLIST_KEY_UISupportedInterfaceOrientations_iPad = "UIInterfaceOrientationPortrait UIInterfaceOrientationPortraitUpsideDown UIInterfaceOrientationLandscapeLeft UIInterfaceOrientationLandscapeRight";
				INFOPLIST_KEY_UISupportedInterfaceOrientations_iPhone = "UIInterfaceOrientationPortrait UIInterfaceOrientationLandscapeLeft UIInterfaceOrientationLandscapeRight";
				LD_RUNPATH_SEARCH_PATHS = (
					"$(inherited)",
					"@executable_path/Frameworks",
				);
				MARKETING_VERSION = 1.0;
				PRODUCT_BUNDLE_IDENTIFIER = se.ascentic.persistence;
				PRODUCT_NAME = "$(TARGET_NAME)";
				SWIFT_EMIT_LOC_STRINGS = YES;
				SWIFT_VERSION = 5.0;
				TARGETED_DEVICE_FAMILY = "1,2";
			};
			name = Debug;
		};
		D33E56CA2A68E5DE00886328 /* Release */ = {
			isa = XCBuildConfiguration;
			buildSettings = {
				ASSETCATALOG_COMPILER_APPICON_NAME = AppIcon;
				ASSETCATALOG_COMPILER_GLOBAL_ACCENT_COLOR_NAME = AccentColor;
				CODE_SIGN_STYLE = Automatic;
				CURRENT_PROJECT_VERSION = 1;
				DEVELOPMENT_ASSET_PATHS = "\"persistence/Preview Content\"";
				DEVELOPMENT_TEAM = 58S2LQL6Z3;
				ENABLE_PREVIEWS = YES;
				GENERATE_INFOPLIST_FILE = YES;
				INFOPLIST_KEY_UIApplicationSceneManifest_Generation = YES;
				INFOPLIST_KEY_UIApplicationSupportsIndirectInputEvents = YES;
				INFOPLIST_KEY_UILaunchScreen_Generation = YES;
				INFOPLIST_KEY_UISupportedInterfaceOrientations_iPad = "UIInterfaceOrientationPortrait UIInterfaceOrientationPortraitUpsideDown UIInterfaceOrientationLandscapeLeft UIInterfaceOrientationLandscapeRight";
				INFOPLIST_KEY_UISupportedInterfaceOrientations_iPhone = "UIInterfaceOrientationPortrait UIInterfaceOrientationLandscapeLeft UIInterfaceOrientationLandscapeRight";
				LD_RUNPATH_SEARCH_PATHS = (
					"$(inherited)",
					"@executable_path/Frameworks",
				);
				MARKETING_VERSION = 1.0;
				PRODUCT_BUNDLE_IDENTIFIER = se.ascentic.persistence;
				PRODUCT_NAME = "$(TARGET_NAME)";
				SWIFT_EMIT_LOC_STRINGS = YES;
				SWIFT_VERSION = 5.0;
				TARGETED_DEVICE_FAMILY = "1,2";
			};
			name = Release;
		};
/* End XCBuildConfiguration section */

/* Begin XCConfigurationList section */
		D33E56B52A68E5DC00886328 /* Build configuration list for PBXProject "persistence" */ = {
			isa = XCConfigurationList;
			buildConfigurations = (
				D33E56C62A68E5DE00886328 /* Debug */,
				D33E56C72A68E5DE00886328 /* Release */,
			);
			defaultConfigurationIsVisible = 0;
			defaultConfigurationName = Release;
		};
		D33E56C82A68E5DE00886328 /* Build configuration list for PBXNativeTarget "persistence" */ = {
			isa = XCConfigurationList;
			buildConfigurations = (
				D33E56C92A68E5DE00886328 /* Debug */,
				D33E56CA2A68E5DE00886328 /* Release */,
			);
			defaultConfigurationIsVisible = 0;
			defaultConfigurationName = Release;
		};
/* End XCConfigurationList section */

/* Begin XCRemoteSwiftPackageReference section */
		D33E56D42A68F2D700886328 /* XCRemoteSwiftPackageReference "keychain-swift" */ = {
			isa = XCRemoteSwiftPackageReference;
			repositoryURL = "https://github.com/evgenyneu/keychain-swift.git";
			requirement = {
				branch = master;
				kind = branch;
			};
		};
/* End XCRemoteSwiftPackageReference section */

/* Begin XCSwiftPackageProductDependency section */
		D33E56D52A68F2D700886328 /* KeychainSwift */ = {
			isa = XCSwiftPackageProductDependency;
			package = D33E56D42A68F2D700886328 /* XCRemoteSwiftPackageReference "keychain-swift" */;
			productName = KeychainSwift;
		};
/* End XCSwiftPackageProductDependency section */
	};
	rootObject = D33E56B22A68E5DC00886328 /* Project object */;
}
