// !$*UTF8*$!
{
	archiveVersion = 1;
	classes = {
	};
	objectVersion = 56;
	objects = {

/* Begin PBXBuildFile section */
		D37572EF2A8108A400125EC3 /* Clean_ArchitectureApp.swift in Sources */ = {isa = PBXBuildFile; fileRef = D37572EE2A8108A400125EC3 /* Clean_ArchitectureApp.swift */; };
		D37572F12A8108A400125EC3 /* HomeView.swift in Sources */ = {isa = PBXBuildFile; fileRef = D37572F02A8108A400125EC3 /* HomeView.swift */; };
		D37572F32A8108A600125EC3 /* Assets.xcassets in Resources */ = {isa = PBXBuildFile; fileRef = D37572F22A8108A600125EC3 /* Assets.xcassets */; };
		D37572F62A8108A600125EC3 /* Preview Assets.xcassets in Resources */ = {isa = PBXBuildFile; fileRef = D37572F52A8108A600125EC3 /* Preview Assets.xcassets */; };
		D37573082A8154C900125EC3 /* WeatherRepository.swift in Sources */ = {isa = PBXBuildFile; fileRef = D37573072A8154C900125EC3 /* WeatherRepository.swift */; };
		D375730A2A81553000125EC3 /* WeatherEntity.swift in Sources */ = {isa = PBXBuildFile; fileRef = D37573092A81553000125EC3 /* WeatherEntity.swift */; };
		D375730D2A82218700125EC3 /* APIService.swift in Sources */ = {isa = PBXBuildFile; fileRef = D375730C2A82218700125EC3 /* APIService.swift */; };
		D375730F2A8222BE00125EC3 /* WeatherRepositoryImpl.swift in Sources */ = {isa = PBXBuildFile; fileRef = D375730E2A8222BE00125EC3 /* WeatherRepositoryImpl.swift */; };
		D37573112A8222ED00125EC3 /* WeatherRemoteDatasource.swift in Sources */ = {isa = PBXBuildFile; fileRef = D37573102A8222ED00125EC3 /* WeatherRemoteDatasource.swift */; };
		D37573132A82230600125EC3 /* WeatherRemoteDatasourceImpl.swift in Sources */ = {isa = PBXBuildFile; fileRef = D37573122A82230600125EC3 /* WeatherRemoteDatasourceImpl.swift */; };
		D37573152A82239000125EC3 /* WeatherModel.swift in Sources */ = {isa = PBXBuildFile; fileRef = D37573142A82239000125EC3 /* WeatherModel.swift */; };
		D37573172A822CB500125EC3 /* GetCurrentWeatherUsecase.swift in Sources */ = {isa = PBXBuildFile; fileRef = D37573162A822CB500125EC3 /* GetCurrentWeatherUsecase.swift */; };
		D375731C2A822E6800125EC3 /* DIContainer.swift in Sources */ = {isa = PBXBuildFile; fileRef = D375731B2A822E6800125EC3 /* DIContainer.swift */; };
		D375731E2A82330C00125EC3 /* WeatherViewModel.swift in Sources */ = {isa = PBXBuildFile; fileRef = D375731D2A82330C00125EC3 /* WeatherViewModel.swift */; };
		D37573252A82AD6200125EC3 /* Usecase.swift in Sources */ = {isa = PBXBuildFile; fileRef = D37573242A82AD6200125EC3 /* Usecase.swift */; };
		D37573272A8357A200125EC3 /* AppError.swift in Sources */ = {isa = PBXBuildFile; fileRef = D37573262A8357A200125EC3 /* AppError.swift */; };
		D37573292A83653D00125EC3 /* AppFailure.swift in Sources */ = {isa = PBXBuildFile; fileRef = D37573282A83653C00125EC3 /* AppFailure.swift */; };
		D375732B2A83A0BE00125EC3 /* AppResult.swift in Sources */ = {isa = PBXBuildFile; fileRef = D375732A2A83A0BE00125EC3 /* AppResult.swift */; };
		D375732E2A83A20200125EC3 /* Factory in Frameworks */ = {isa = PBXBuildFile; productRef = D375732D2A83A20200125EC3 /* Factory */; };
/* End PBXBuildFile section */

/* Begin PBXFileReference section */
		D37572EB2A8108A400125EC3 /* Clean Architecture.app */ = {isa = PBXFileReference; explicitFileType = wrapper.application; includeInIndex = 0; path = "Clean Architecture.app"; sourceTree = BUILT_PRODUCTS_DIR; };
		D37572EE2A8108A400125EC3 /* Clean_ArchitectureApp.swift */ = {isa = PBXFileReference; lastKnownFileType = sourcecode.swift; path = Clean_ArchitectureApp.swift; sourceTree = "<group>"; };
		D37572F02A8108A400125EC3 /* HomeView.swift */ = {isa = PBXFileReference; lastKnownFileType = sourcecode.swift; path = HomeView.swift; sourceTree = "<group>"; };
		D37572F22A8108A600125EC3 /* Assets.xcassets */ = {isa = PBXFileReference; lastKnownFileType = folder.assetcatalog; path = Assets.xcassets; sourceTree = "<group>"; };
		D37572F52A8108A600125EC3 /* Preview Assets.xcassets */ = {isa = PBXFileReference; lastKnownFileType = folder.assetcatalog; path = "Preview Assets.xcassets"; sourceTree = "<group>"; };
		D37573072A8154C900125EC3 /* WeatherRepository.swift */ = {isa = PBXFileReference; lastKnownFileType = sourcecode.swift; path = WeatherRepository.swift; sourceTree = "<group>"; };
		D37573092A81553000125EC3 /* WeatherEntity.swift */ = {isa = PBXFileReference; lastKnownFileType = sourcecode.swift; path = WeatherEntity.swift; sourceTree = "<group>"; };
		D375730C2A82218700125EC3 /* APIService.swift */ = {isa = PBXFileReference; lastKnownFileType = sourcecode.swift; path = APIService.swift; sourceTree = "<group>"; };
		D375730E2A8222BE00125EC3 /* WeatherRepositoryImpl.swift */ = {isa = PBXFileReference; lastKnownFileType = sourcecode.swift; path = WeatherRepositoryImpl.swift; sourceTree = "<group>"; };
		D37573102A8222ED00125EC3 /* WeatherRemoteDatasource.swift */ = {isa = PBXFileReference; lastKnownFileType = sourcecode.swift; path = WeatherRemoteDatasource.swift; sourceTree = "<group>"; };
		D37573122A82230600125EC3 /* WeatherRemoteDatasourceImpl.swift */ = {isa = PBXFileReference; lastKnownFileType = sourcecode.swift; path = WeatherRemoteDatasourceImpl.swift; sourceTree = "<group>"; };
		D37573142A82239000125EC3 /* WeatherModel.swift */ = {isa = PBXFileReference; lastKnownFileType = sourcecode.swift; path = WeatherModel.swift; sourceTree = "<group>"; };
		D37573162A822CB500125EC3 /* GetCurrentWeatherUsecase.swift */ = {isa = PBXFileReference; lastKnownFileType = sourcecode.swift; path = GetCurrentWeatherUsecase.swift; sourceTree = "<group>"; };
		D375731B2A822E6800125EC3 /* DIContainer.swift */ = {isa = PBXFileReference; lastKnownFileType = sourcecode.swift; path = DIContainer.swift; sourceTree = "<group>"; };
		D375731D2A82330C00125EC3 /* WeatherViewModel.swift */ = {isa = PBXFileReference; lastKnownFileType = sourcecode.swift; path = WeatherViewModel.swift; sourceTree = "<group>"; };
		D37573242A82AD6200125EC3 /* Usecase.swift */ = {isa = PBXFileReference; lastKnownFileType = sourcecode.swift; path = Usecase.swift; sourceTree = "<group>"; };
		D37573262A8357A200125EC3 /* AppError.swift */ = {isa = PBXFileReference; lastKnownFileType = sourcecode.swift; path = AppError.swift; sourceTree = "<group>"; };
		D37573282A83653C00125EC3 /* AppFailure.swift */ = {isa = PBXFileReference; lastKnownFileType = sourcecode.swift; path = AppFailure.swift; sourceTree = "<group>"; };
		D375732A2A83A0BE00125EC3 /* AppResult.swift */ = {isa = PBXFileReference; lastKnownFileType = sourcecode.swift; path = AppResult.swift; sourceTree = "<group>"; };
/* End PBXFileReference section */

/* Begin PBXFrameworksBuildPhase section */
		D37572E82A8108A400125EC3 /* Frameworks */ = {
			isa = PBXFrameworksBuildPhase;
			buildActionMask = 2147483647;
			files = (
				D375732E2A83A20200125EC3 /* Factory in Frameworks */,
			);
			runOnlyForDeploymentPostprocessing = 0;
		};
/* End PBXFrameworksBuildPhase section */

/* Begin PBXGroup section */
		D37572E22A8108A400125EC3 = {
			isa = PBXGroup;
			children = (
				D37572ED2A8108A400125EC3 /* Clean Architecture */,
				D37572EC2A8108A400125EC3 /* Products */,
			);
			sourceTree = "<group>";
		};
		D37572EC2A8108A400125EC3 /* Products */ = {
			isa = PBXGroup;
			children = (
				D37572EB2A8108A400125EC3 /* Clean Architecture.app */,
			);
			name = Products;
			sourceTree = "<group>";
		};
		D37572ED2A8108A400125EC3 /* Clean Architecture */ = {
			isa = PBXGroup;
			children = (
				D37573232A82AD5600125EC3 /* Core */,
				D375731B2A822E6800125EC3 /* DIContainer.swift */,
				D375730B2A82217A00125EC3 /* Services */,
				D37572FC2A8153C300125EC3 /* Features */,
				D37572EE2A8108A400125EC3 /* Clean_ArchitectureApp.swift */,
				D37572F22A8108A600125EC3 /* Assets.xcassets */,
				D37572F42A8108A600125EC3 /* Preview Content */,
			);
			path = "Clean Architecture";
			sourceTree = "<group>";
		};
		D37572F42A8108A600125EC3 /* Preview Content */ = {
			isa = PBXGroup;
			children = (
				D37572F52A8108A600125EC3 /* Preview Assets.xcassets */,
			);
			path = "Preview Content";
			sourceTree = "<group>";
		};
		D37572FC2A8153C300125EC3 /* Features */ = {
			isa = PBXGroup;
			children = (
				D37572FD2A8153D700125EC3 /* Weather */,
			);
			path = Features;
			sourceTree = "<group>";
		};
		D37572FD2A8153D700125EC3 /* Weather */ = {
			isa = PBXGroup;
			children = (
				D37573002A8153ED00125EC3 /* Data */,
				D37572FF2A8153E500125EC3 /* Presentation */,
				D37572FE2A8153E000125EC3 /* Domain */,
			);
			path = Weather;
			sourceTree = "<group>";
		};
		D37572FE2A8153E000125EC3 /* Domain */ = {
			isa = PBXGroup;
			children = (
				D37573032A81541600125EC3 /* Usecases */,
				D37573022A81540200125EC3 /* Repositories */,
				D37573012A8153FB00125EC3 /* Entities */,
			);
			path = Domain;
			sourceTree = "<group>";
		};
		D37572FF2A8153E500125EC3 /* Presentation */ = {
			isa = PBXGroup;
			children = (
				D37572F02A8108A400125EC3 /* HomeView.swift */,
				D375731D2A82330C00125EC3 /* WeatherViewModel.swift */,
			);
			path = Presentation;
			sourceTree = "<group>";
		};
		D37573002A8153ED00125EC3 /* Data */ = {
			isa = PBXGroup;
			children = (
				D37573062A81543500125EC3 /* Models */,
				D37573052A81542900125EC3 /* Repositories */,
				D37573042A81541D00125EC3 /* Datasources */,
			);
			path = Data;
			sourceTree = "<group>";
		};
		D37573012A8153FB00125EC3 /* Entities */ = {
			isa = PBXGroup;
			children = (
				D37573092A81553000125EC3 /* WeatherEntity.swift */,
			);
			path = Entities;
			sourceTree = "<group>";
		};
		D37573022A81540200125EC3 /* Repositories */ = {
			isa = PBXGroup;
			children = (
				D37573072A8154C900125EC3 /* WeatherRepository.swift */,
			);
			path = Repositories;
			sourceTree = "<group>";
		};
		D37573032A81541600125EC3 /* Usecases */ = {
			isa = PBXGroup;
			children = (
				D37573162A822CB500125EC3 /* GetCurrentWeatherUsecase.swift */,
			);
			path = Usecases;
			sourceTree = "<group>";
		};
		D37573042A81541D00125EC3 /* Datasources */ = {
			isa = PBXGroup;
			children = (
				D37573102A8222ED00125EC3 /* WeatherRemoteDatasource.swift */,
				D37573122A82230600125EC3 /* WeatherRemoteDatasourceImpl.swift */,
			);
			path = Datasources;
			sourceTree = "<group>";
		};
		D37573052A81542900125EC3 /* Repositories */ = {
			isa = PBXGroup;
			children = (
				D375730E2A8222BE00125EC3 /* WeatherRepositoryImpl.swift */,
			);
			path = Repositories;
			sourceTree = "<group>";
		};
		D37573062A81543500125EC3 /* Models */ = {
			isa = PBXGroup;
			children = (
				D37573142A82239000125EC3 /* WeatherModel.swift */,
			);
			path = Models;
			sourceTree = "<group>";
		};
		D375730B2A82217A00125EC3 /* Services */ = {
			isa = PBXGroup;
			children = (
				D375730C2A82218700125EC3 /* APIService.swift */,
			);
			path = Services;
			sourceTree = "<group>";
		};
		D37573232A82AD5600125EC3 /* Core */ = {
			isa = PBXGroup;
			children = (
				D37573242A82AD6200125EC3 /* Usecase.swift */,
				D37573262A8357A200125EC3 /* AppError.swift */,
				D37573282A83653C00125EC3 /* AppFailure.swift */,
				D375732A2A83A0BE00125EC3 /* AppResult.swift */,
			);
			path = Core;
			sourceTree = "<group>";
		};
/* End PBXGroup section */

/* Begin PBXNativeTarget section */
		D37572EA2A8108A400125EC3 /* Clean Architecture */ = {
			isa = PBXNativeTarget;
			buildConfigurationList = D37572F92A8108A600125EC3 /* Build configuration list for PBXNativeTarget "Clean Architecture" */;
			buildPhases = (
				D37572E72A8108A400125EC3 /* Sources */,
				D37572E82A8108A400125EC3 /* Frameworks */,
				D37572E92A8108A400125EC3 /* Resources */,
			);
			buildRules = (
			);
			dependencies = (
			);
			name = "Clean Architecture";
			packageProductDependencies = (
				D375732D2A83A20200125EC3 /* Factory */,
			);
			productName = "Clean Architecture";
			productReference = D37572EB2A8108A400125EC3 /* Clean Architecture.app */;
			productType = "com.apple.product-type.application";
		};
/* End PBXNativeTarget section */

/* Begin PBXProject section */
		D37572E32A8108A400125EC3 /* Project object */ = {
			isa = PBXProject;
			attributes = {
				BuildIndependentTargetsInParallel = 1;
				LastSwiftUpdateCheck = 1420;
				LastUpgradeCheck = 1420;
				TargetAttributes = {
					D37572EA2A8108A400125EC3 = {
						CreatedOnToolsVersion = 14.2;
					};
				};
			};
			buildConfigurationList = D37572E62A8108A400125EC3 /* Build configuration list for PBXProject "Clean Architecture" */;
			compatibilityVersion = "Xcode 14.0";
			developmentRegion = en;
			hasScannedForEncodings = 0;
			knownRegions = (
				en,
				Base,
			);
			mainGroup = D37572E22A8108A400125EC3;
			packageReferences = (
				D375732C2A83A20200125EC3 /* XCRemoteSwiftPackageReference "Factory" */,
			);
			productRefGroup = D37572EC2A8108A400125EC3 /* Products */;
			projectDirPath = "";
			projectRoot = "";
			targets = (
				D37572EA2A8108A400125EC3 /* Clean Architecture */,
			);
		};
/* End PBXProject section */

/* Begin PBXResourcesBuildPhase section */
		D37572E92A8108A400125EC3 /* Resources */ = {
			isa = PBXResourcesBuildPhase;
			buildActionMask = 2147483647;
			files = (
				D37572F62A8108A600125EC3 /* Preview Assets.xcassets in Resources */,
				D37572F32A8108A600125EC3 /* Assets.xcassets in Resources */,
			);
			runOnlyForDeploymentPostprocessing = 0;
		};
/* End PBXResourcesBuildPhase section */

/* Begin PBXSourcesBuildPhase section */
		D37572E72A8108A400125EC3 /* Sources */ = {
			isa = PBXSourcesBuildPhase;
			buildActionMask = 2147483647;
			files = (
				D375730A2A81553000125EC3 /* WeatherEntity.swift in Sources */,
				D375731E2A82330C00125EC3 /* WeatherViewModel.swift in Sources */,
				D375730D2A82218700125EC3 /* APIService.swift in Sources */,
				D375730F2A8222BE00125EC3 /* WeatherRepositoryImpl.swift in Sources */,
				D37573292A83653D00125EC3 /* AppFailure.swift in Sources */,
				D37573272A8357A200125EC3 /* AppError.swift in Sources */,
				D37573112A8222ED00125EC3 /* WeatherRemoteDatasource.swift in Sources */,
				D375731C2A822E6800125EC3 /* DIContainer.swift in Sources */,
				D37573252A82AD6200125EC3 /* Usecase.swift in Sources */,
				D37573152A82239000125EC3 /* WeatherModel.swift in Sources */,
				D375732B2A83A0BE00125EC3 /* AppResult.swift in Sources */,
				D37573172A822CB500125EC3 /* GetCurrentWeatherUsecase.swift in Sources */,
				D37572F12A8108A400125EC3 /* HomeView.swift in Sources */,
				D37572EF2A8108A400125EC3 /* Clean_ArchitectureApp.swift in Sources */,
				D37573082A8154C900125EC3 /* WeatherRepository.swift in Sources */,
				D37573132A82230600125EC3 /* WeatherRemoteDatasourceImpl.swift in Sources */,
			);
			runOnlyForDeploymentPostprocessing = 0;
		};
/* End PBXSourcesBuildPhase section */

/* Begin XCBuildConfiguration section */
		D37572F72A8108A600125EC3 /* Debug */ = {
			isa = XCBuildConfiguration;
			buildSettings = {
				ALWAYS_SEARCH_USER_PATHS = NO;
				CLANG_ANALYZER_NONNULL = YES;
				CLANG_ANALYZER_NUMBER_OBJECT_CONVERSION = YES_AGGRESSIVE;
				CLANG_CXX_LANGUAGE_STANDARD = "gnu++20";
				CLANG_ENABLE_MODULES = YES;
				CLANG_ENABLE_OBJC_ARC = YES;
				CLANG_ENABLE_OBJC_WEAK = YES;
				CLANG_WARN_BLOCK_CAPTURE_AUTORELEASING = YES;
				CLANG_WARN_BOOL_CONVERSION = YES;
				CLANG_WARN_COMMA = YES;
				CLANG_WARN_CONSTANT_CONVERSION = YES;
				CLANG_WARN_DEPRECATED_OBJC_IMPLEMENTATIONS = YES;
				CLANG_WARN_DIRECT_OBJC_ISA_USAGE = YES_ERROR;
				CLANG_WARN_DOCUMENTATION_COMMENTS = YES;
				CLANG_WARN_EMPTY_BODY = YES;
				CLANG_WARN_ENUM_CONVERSION = YES;
				CLANG_WARN_INFINITE_RECURSION = YES;
				CLANG_WARN_INT_CONVERSION = YES;
				CLANG_WARN_NON_LITERAL_NULL_CONVERSION = YES;
				CLANG_WARN_OBJC_IMPLICIT_RETAIN_SELF = YES;
				CLANG_WARN_OBJC_LITERAL_CONVERSION = YES;
				CLANG_WARN_OBJC_ROOT_CLASS = YES_ERROR;
				CLANG_WARN_QUOTED_INCLUDE_IN_FRAMEWORK_HEADER = YES;
				CLANG_WARN_RANGE_LOOP_ANALYSIS = YES;
				CLANG_WARN_STRICT_PROTOTYPES = YES;
				CLANG_WARN_SUSPICIOUS_MOVE = YES;
				CLANG_WARN_UNGUARDED_AVAILABILITY = YES_AGGRESSIVE;
				CLANG_WARN_UNREACHABLE_CODE = YES;
				CLANG_WARN__DUPLICATE_METHOD_MATCH = YES;
				COPY_PHASE_STRIP = NO;
				DEBUG_INFORMATION_FORMAT = dwarf;
				ENABLE_STRICT_OBJC_MSGSEND = YES;
				ENABLE_TESTABILITY = YES;
				GCC_C_LANGUAGE_STANDARD = gnu11;
				GCC_DYNAMIC_NO_PIC = NO;
				GCC_NO_COMMON_BLOCKS = YES;
				GCC_OPTIMIZATION_LEVEL = 0;
				GCC_PREPROCESSOR_DEFINITIONS = (
					"DEBUG=1",
					"$(inherited)",
				);
				GCC_WARN_64_TO_32_BIT_CONVERSION = YES;
				GCC_WARN_ABOUT_RETURN_TYPE = YES_ERROR;
				GCC_WARN_UNDECLARED_SELECTOR = YES;
				GCC_WARN_UNINITIALIZED_AUTOS = YES_AGGRESSIVE;
				GCC_WARN_UNUSED_FUNCTION = YES;
				GCC_WARN_UNUSED_VARIABLE = YES;
				IPHONEOS_DEPLOYMENT_TARGET = 16.2;
				MTL_ENABLE_DEBUG_INFO = INCLUDE_SOURCE;
				MTL_FAST_MATH = YES;
				ONLY_ACTIVE_ARCH = YES;
				SDKROOT = iphoneos;
				SWIFT_ACTIVE_COMPILATION_CONDITIONS = DEBUG;
				SWIFT_OPTIMIZATION_LEVEL = "-Onone";
			};
			name = Debug;
		};
		D37572F82A8108A600125EC3 /* Release */ = {
			isa = XCBuildConfiguration;
			buildSettings = {
				ALWAYS_SEARCH_USER_PATHS = NO;
				CLANG_ANALYZER_NONNULL = YES;
				CLANG_ANALYZER_NUMBER_OBJECT_CONVERSION = YES_AGGRESSIVE;
				CLANG_CXX_LANGUAGE_STANDARD = "gnu++20";
				CLANG_ENABLE_MODULES = YES;
				CLANG_ENABLE_OBJC_ARC = YES;
				CLANG_ENABLE_OBJC_WEAK = YES;
				CLANG_WARN_BLOCK_CAPTURE_AUTORELEASING = YES;
				CLANG_WARN_BOOL_CONVERSION = YES;
				CLANG_WARN_COMMA = YES;
				CLANG_WARN_CONSTANT_CONVERSION = YES;
				CLANG_WARN_DEPRECATED_OBJC_IMPLEMENTATIONS = YES;
				CLANG_WARN_DIRECT_OBJC_ISA_USAGE = YES_ERROR;
				CLANG_WARN_DOCUMENTATION_COMMENTS = YES;
				CLANG_WARN_EMPTY_BODY = YES;
				CLANG_WARN_ENUM_CONVERSION = YES;
				CLANG_WARN_INFINITE_RECURSION = YES;
				CLANG_WARN_INT_CONVERSION = YES;
				CLANG_WARN_NON_LITERAL_NULL_CONVERSION = YES;
				CLANG_WARN_OBJC_IMPLICIT_RETAIN_SELF = YES;
				CLANG_WARN_OBJC_LITERAL_CONVERSION = YES;
				CLANG_WARN_OBJC_ROOT_CLASS = YES_ERROR;
				CLANG_WARN_QUOTED_INCLUDE_IN_FRAMEWORK_HEADER = YES;
				CLANG_WARN_RANGE_LOOP_ANALYSIS = YES;
				CLANG_WARN_STRICT_PROTOTYPES = YES;
				CLANG_WARN_SUSPICIOUS_MOVE = YES;
				CLANG_WARN_UNGUARDED_AVAILABILITY = YES_AGGRESSIVE;
				CLANG_WARN_UNREACHABLE_CODE = YES;
				CLANG_WARN__DUPLICATE_METHOD_MATCH = YES;
				COPY_PHASE_STRIP = NO;
				DEBUG_INFORMATION_FORMAT = "dwarf-with-dsym";
				ENABLE_NS_ASSERTIONS = NO;
				ENABLE_STRICT_OBJC_MSGSEND = YES;
				GCC_C_LANGUAGE_STANDARD = gnu11;
				GCC_NO_COMMON_BLOCKS = YES;
				GCC_WARN_64_TO_32_BIT_CONVERSION = YES;
				GCC_WARN_ABOUT_RETURN_TYPE = YES_ERROR;
				GCC_WARN_UNDECLARED_SELECTOR = YES;
				GCC_WARN_UNINITIALIZED_AUTOS = YES_AGGRESSIVE;
				GCC_WARN_UNUSED_FUNCTION = YES;
				GCC_WARN_UNUSED_VARIABLE = YES;
				IPHONEOS_DEPLOYMENT_TARGET = 16.2;
				MTL_ENABLE_DEBUG_INFO = NO;
				MTL_FAST_MATH = YES;
				SDKROOT = iphoneos;
				SWIFT_COMPILATION_MODE = wholemodule;
				SWIFT_OPTIMIZATION_LEVEL = "-O";
				VALIDATE_PRODUCT = YES;
			};
			name = Release;
		};
		D37572FA2A8108A600125EC3 /* Debug */ = {
			isa = XCBuildConfiguration;
			buildSettings = {
				ASSETCATALOG_COMPILER_APPICON_NAME = AppIcon;
				ASSETCATALOG_COMPILER_GLOBAL_ACCENT_COLOR_NAME = AccentColor;
				CODE_SIGN_STYLE = Automatic;
				CURRENT_PROJECT_VERSION = 1;
				DEVELOPMENT_ASSET_PATHS = "\"Clean Architecture/Preview Content\"";
				DEVELOPMENT_TEAM = 58S2LQL6Z3;
				ENABLE_PREVIEWS = YES;
				GENERATE_INFOPLIST_FILE = YES;
				INFOPLIST_KEY_UIApplicationSceneManifest_Generation = YES;
				INFOPLIST_KEY_UIApplicationSupportsIndirectInputEvents = YES;
				INFOPLIST_KEY_UILaunchScreen_Generation = YES;
				INFOPLIST_KEY_UISupportedInterfaceOrientations_iPad = "UIInterfaceOrientationPortrait UIInterfaceOrientationPortraitUpsideDown UIInterfaceOrientationLandscapeLeft UIInterfaceOrientationLandscapeRight";
				INFOPLIST_KEY_UISupportedInterfaceOrientations_iPhone = "UIInterfaceOrientationPortrait UIInterfaceOrientationLandscapeLeft UIInterfaceOrientationLandscapeRight";
				LD_RUNPATH_SEARCH_PATHS = (
					"$(inherited)",
					"@executable_path/Frameworks",
				);
				MARKETING_VERSION = 1.0;
				PRODUCT_BUNDLE_IDENTIFIER = "se.ascentic.Clean-Architecture";
				PRODUCT_NAME = "$(TARGET_NAME)";
				SWIFT_EMIT_LOC_STRINGS = YES;
				SWIFT_VERSION = 5.0;
				TARGETED_DEVICE_FAMILY = "1,2";
			};
			name = Debug;
		};
		D37572FB2A8108A600125EC3 /* Release */ = {
			isa = XCBuildConfiguration;
			buildSettings = {
				ASSETCATALOG_COMPILER_APPICON_NAME = AppIcon;
				ASSETCATALOG_COMPILER_GLOBAL_ACCENT_COLOR_NAME = AccentColor;
				CODE_SIGN_STYLE = Automatic;
				CURRENT_PROJECT_VERSION = 1;
				DEVELOPMENT_ASSET_PATHS = "\"Clean Architecture/Preview Content\"";
				DEVELOPMENT_TEAM = 58S2LQL6Z3;
				ENABLE_PREVIEWS = YES;
				GENERATE_INFOPLIST_FILE = YES;
				INFOPLIST_KEY_UIApplicationSceneManifest_Generation = YES;
				INFOPLIST_KEY_UIApplicationSupportsIndirectInputEvents = YES;
				INFOPLIST_KEY_UILaunchScreen_Generation = YES;
				INFOPLIST_KEY_UISupportedInterfaceOrientations_iPad = "UIInterfaceOrientationPortrait UIInterfaceOrientationPortraitUpsideDown UIInterfaceOrientationLandscapeLeft UIInterfaceOrientationLandscapeRight";
				INFOPLIST_KEY_UISupportedInterfaceOrientations_iPhone = "UIInterfaceOrientationPortrait UIInterfaceOrientationLandscapeLeft UIInterfaceOrientationLandscapeRight";
				LD_RUNPATH_SEARCH_PATHS = (
					"$(inherited)",
					"@executable_path/Frameworks",
				);
				MARKETING_VERSION = 1.0;
				PRODUCT_BUNDLE_IDENTIFIER = "se.ascentic.Clean-Architecture";
				PRODUCT_NAME = "$(TARGET_NAME)";
				SWIFT_EMIT_LOC_STRINGS = YES;
				SWIFT_VERSION = 5.0;
				TARGETED_DEVICE_FAMILY = "1,2";
			};
			name = Release;
		};
/* End XCBuildConfiguration section */

/* Begin XCConfigurationList section */
		D37572E62A8108A400125EC3 /* Build configuration list for PBXProject "Clean Architecture" */ = {
			isa = XCConfigurationList;
			buildConfigurations = (
				D37572F72A8108A600125EC3 /* Debug */,
				D37572F82A8108A600125EC3 /* Release */,
			);
			defaultConfigurationIsVisible = 0;
			defaultConfigurationName = Release;
		};
		D37572F92A8108A600125EC3 /* Build configuration list for PBXNativeTarget "Clean Architecture" */ = {
			isa = XCConfigurationList;
			buildConfigurations = (
				D37572FA2A8108A600125EC3 /* Debug */,
				D37572FB2A8108A600125EC3 /* Release */,
			);
			defaultConfigurationIsVisible = 0;
			defaultConfigurationName = Release;
		};
/* End XCConfigurationList section */

/* Begin XCRemoteSwiftPackageReference section */
		D375732C2A83A20200125EC3 /* XCRemoteSwiftPackageReference "Factory" */ = {
			isa = XCRemoteSwiftPackageReference;
			repositoryURL = "https://github.com/hmlongco/Factory";
			requirement = {
				kind = upToNextMajorVersion;
				minimumVersion = 2.0.0;
			};
		};
/* End XCRemoteSwiftPackageReference section */

/* Begin XCSwiftPackageProductDependency section */
		D375732D2A83A20200125EC3 /* Factory */ = {
			isa = XCSwiftPackageProductDependency;
			package = D375732C2A83A20200125EC3 /* XCRemoteSwiftPackageReference "Factory" */;
			productName = Factory;
		};
/* End XCSwiftPackageProductDependency section */
	};
	rootObject = D37572E32A8108A400125EC3 /* Project object */;
}
